// !$*UTF8*$!
{
	archiveVersion = 1;
	classes = {
	};
	objectVersion = 46;
	objects = {

/* Begin PBXAggregateTarget section */
		27DD26570EC0285300B76D4E /* fonts */ = {
			isa = PBXAggregateTarget;
			buildConfigurationList = 27DD265A0EC0287100B76D4E /* Build configuration list for PBXAggregateTarget "fonts" */;
			buildPhases = (
				27DD26560EC0285300B76D4E /* CopyFiles */,
			);
			dependencies = (
			);
			name = fonts;
			productName = fonts;
		};
		27DD26CF0EC0294500B76D4E /* data files */ = {
			isa = PBXAggregateTarget;
			buildConfigurationList = 27DD26D20EC0297600B76D4E /* Build configuration list for PBXAggregateTarget "data files" */;
			buildPhases = (
				27DD26CE0EC0294500B76D4E /* CopyFiles */,
			);
			dependencies = (
			);
			name = "data files";
			productName = "data files";
		};
/* End PBXAggregateTarget section */

/* Begin PBXBuildFile section */
		2788A4CF1EAEF234007ED0E1 /* epub.cxx in Sources */ = {isa = PBXBuildFile; fileRef = 2788A4C81EAEF234007ED0E1 /* epub.cxx */; };
		2788A4D01EAEF234007ED0E1 /* markdown.cxx in Sources */ = {isa = PBXBuildFile; fileRef = 2788A4C91EAEF234007ED0E1 /* markdown.cxx */; };
		2788A4D11EAEF234007ED0E1 /* mmd.c in Sources */ = {isa = PBXBuildFile; fileRef = 2788A4CB1EAEF234007ED0E1 /* mmd.c */; };
		2788A4D21EAEF234007ED0E1 /* zipc.c in Sources */ = {isa = PBXBuildFile; fileRef = 2788A4CD1EAEF234007ED0E1 /* zipc.c */; };
		27A9F6E818D527AC00804DE9 /* file.c in Sources */ = {isa = PBXBuildFile; fileRef = 27A9F6DB18D527AC00804DE9 /* file.c */; };
		27A9F6E918D527AC00804DE9 /* htmlsep.cxx in Sources */ = {isa = PBXBuildFile; fileRef = 27A9F6DC18D527AC00804DE9 /* htmlsep.cxx */; };
		27A9F6EA18D527AC00804DE9 /* http-addr.c in Sources */ = {isa = PBXBuildFile; fileRef = 27A9F6DD18D527AC00804DE9 /* http-addr.c */; };
		27A9F6EB18D527AC00804DE9 /* http-addrlist.c in Sources */ = {isa = PBXBuildFile; fileRef = 27A9F6DE18D527AC00804DE9 /* http-addrlist.c */; };
		27A9F6EC18D527AC00804DE9 /* http-support.c in Sources */ = {isa = PBXBuildFile; fileRef = 27A9F6E018D527AC00804DE9 /* http-support.c */; };
		27A9F6ED18D527AC00804DE9 /* http.c in Sources */ = {isa = PBXBuildFile; fileRef = 27A9F6E118D527AC00804DE9 /* http.c */; };
		27A9F6EE18D527AC00804DE9 /* iso8859.cxx in Sources */ = {isa = PBXBuildFile; fileRef = 27A9F6E218D527AC00804DE9 /* iso8859.cxx */; };
		27A9F6EF18D527AC00804DE9 /* license.cxx in Sources */ = {isa = PBXBuildFile; fileRef = 27A9F6E418D527AC00804DE9 /* license.cxx */; };
		27A9F6F018D527AC00804DE9 /* md5.c in Sources */ = {isa = PBXBuildFile; fileRef = 27A9F6E618D527AC00804DE9 /* md5.c */; };
		27A9F6F118D527AC00804DE9 /* rc4.c in Sources */ = {isa = PBXBuildFile; fileRef = 27A9F6E718D527AC00804DE9 /* rc4.c */; };
		27A9F6F318D527D300804DE9 /* Security.framework in Frameworks */ = {isa = PBXBuildFile; fileRef = 27A9F6F218D527D300804DE9 /* Security.framework */; };
		27A9F6F518D527D900804DE9 /* CoreFoundation.framework in Frameworks */ = {isa = PBXBuildFile; fileRef = 27A9F6F418D527D900804DE9 /* CoreFoundation.framework */; };
		27A9F6FE18D5450C00804DE9 /* htmldoc.man in CopyFiles */ = {isa = PBXBuildFile; fileRef = 27A9F6FD18D5294000804DE9 /* htmldoc.man */; };
		27CACC3E2794ED5A00BC4A11 /* libz.tbd in Frameworks */ = {isa = PBXBuildFile; fileRef = 27CACC3D2794ED5A00BC4A11 /* libz.tbd */; };
		27CACC402794ED6200BC4A11 /* libresolv.tbd in Frameworks */ = {isa = PBXBuildFile; fileRef = 27CACC3F2794ED6200BC4A11 /* libresolv.tbd */; };
		27CACC412794EDA200BC4A11 /* libpng16.a in Frameworks */ = {isa = PBXBuildFile; fileRef = 27D3E1822794DC0D0034494A /* libpng16.a */; };
		27CACC442794F22500BC4A11 /* libfltk.a in Frameworks */ = {isa = PBXBuildFile; fileRef = 27CACC422794F22500BC4A11 /* libfltk.a */; };
		27CACC452794F22500BC4A11 /* libfltk_images.a in Frameworks */ = {isa = PBXBuildFile; fileRef = 27CACC432794F22500BC4A11 /* libfltk_images.a */; };
		27CACC472794F23000BC4A11 /* CoreGraphics.framework in Frameworks */ = {isa = PBXBuildFile; fileRef = 27CACC462794F23000BC4A11 /* CoreGraphics.framework */; };
		27CACC492794F23C00BC4A11 /* CoreText.framework in Frameworks */ = {isa = PBXBuildFile; fileRef = 27CACC482794F23C00BC4A11 /* CoreText.framework */; };
		27CACC4D2794F25500BC4A11 /* Cocoa.framework in Frameworks */ = {isa = PBXBuildFile; fileRef = 27CACC4C2794F25500BC4A11 /* Cocoa.framework */; };
		27CACC502794F2CF00BC4A11 /* gui.cxx in Sources */ = {isa = PBXBuildFile; fileRef = 27CACC4E2794F2CF00BC4A11 /* gui.cxx */; };
		27D3E1852794DC0D0034494A /* libjpeg.a in Frameworks */ = {isa = PBXBuildFile; fileRef = 27D3E1832794DC0D0034494A /* libjpeg.a */; };
		27D5714A1C3863E200D93F41 /* tls.c in Sources */ = {isa = PBXBuildFile; fileRef = 27D571461C3863E200D93F41 /* tls.c */; };
		27D5714E1C386EFF00D93F41 /* array.c in Sources */ = {isa = PBXBuildFile; fileRef = 27D5714C1C386EFF00D93F41 /* array.c */; };
		27DD25520EC01A3300B76D4E /* html.cxx in Sources */ = {isa = PBXBuildFile; fileRef = 27DD252F0EC01A3300B76D4E /* html.cxx */; };
		27DD25530EC01A3300B76D4E /* htmldoc.cxx in Sources */ = {isa = PBXBuildFile; fileRef = 27DD25310EC01A3300B76D4E /* htmldoc.cxx */; };
		27DD25540EC01A3300B76D4E /* htmllib.cxx in Sources */ = {isa = PBXBuildFile; fileRef = 27DD25330EC01A3300B76D4E /* htmllib.cxx */; };
		27DD255A0EC01A3300B76D4E /* image.cxx in Sources */ = {isa = PBXBuildFile; fileRef = 27DD253B0EC01A3300B76D4E /* image.cxx */; };
		27DD255E0EC01A3300B76D4E /* progress.cxx in Sources */ = {isa = PBXBuildFile; fileRef = 27DD25420EC01A3300B76D4E /* progress.cxx */; };
		27DD255F0EC01A3300B76D4E /* ps-pdf.cxx in Sources */ = {isa = PBXBuildFile; fileRef = 27DD25440EC01A3300B76D4E /* ps-pdf.cxx */; };
		27DD25660EC01A3300B76D4E /* toc.cxx in Sources */ = {isa = PBXBuildFile; fileRef = 27DD254D0EC01A3300B76D4E /* toc.cxx */; };
		27DD25670EC01A3300B76D4E /* util.cxx in Sources */ = {isa = PBXBuildFile; fileRef = 27DD254F0EC01A3300B76D4E /* util.cxx */; };
		27DD26460EC024FA00B76D4E /* string.c in Sources */ = {isa = PBXBuildFile; fileRef = 27DD26450EC024FA00B76D4E /* string.c */; };
		27DD26930EC028AC00B76D4E /* Courier-Bold.afm in CopyFiles */ = {isa = PBXBuildFile; fileRef = 27DD265B0EC028AC00B76D4E /* Courier-Bold.afm */; };
		27DD26940EC028AC00B76D4E /* Courier-Bold.pfa in CopyFiles */ = {isa = PBXBuildFile; fileRef = 27DD265C0EC028AC00B76D4E /* Courier-Bold.pfa */; };
		27DD26950EC028AC00B76D4E /* Courier-BoldOblique.afm in CopyFiles */ = {isa = PBXBuildFile; fileRef = 27DD265D0EC028AC00B76D4E /* Courier-BoldOblique.afm */; };
		27DD26960EC028AC00B76D4E /* Courier-BoldOblique.pfa in CopyFiles */ = {isa = PBXBuildFile; fileRef = 27DD265E0EC028AC00B76D4E /* Courier-BoldOblique.pfa */; };
		27DD26970EC028AC00B76D4E /* Courier-Oblique.afm in CopyFiles */ = {isa = PBXBuildFile; fileRef = 27DD265F0EC028AC00B76D4E /* Courier-Oblique.afm */; };
		27DD26980EC028AC00B76D4E /* Courier-Oblique.pfa in CopyFiles */ = {isa = PBXBuildFile; fileRef = 27DD26600EC028AC00B76D4E /* Courier-Oblique.pfa */; };
		27DD26990EC028AC00B76D4E /* Courier.afm in CopyFiles */ = {isa = PBXBuildFile; fileRef = 27DD26610EC028AC00B76D4E /* Courier.afm */; };
		27DD269A0EC028AC00B76D4E /* Courier.pfa in CopyFiles */ = {isa = PBXBuildFile; fileRef = 27DD26620EC028AC00B76D4E /* Courier.pfa */; };
		27DD269B0EC028AC00B76D4E /* Dingbats.afm in CopyFiles */ = {isa = PBXBuildFile; fileRef = 27DD26630EC028AC00B76D4E /* Dingbats.afm */; };
		27DD269C0EC028AC00B76D4E /* Dingbats.pfa in CopyFiles */ = {isa = PBXBuildFile; fileRef = 27DD26640EC028AC00B76D4E /* Dingbats.pfa */; };
		27DD269D0EC028AC00B76D4E /* Helvetica-Bold.afm in CopyFiles */ = {isa = PBXBuildFile; fileRef = 27DD26650EC028AC00B76D4E /* Helvetica-Bold.afm */; };
		27DD269E0EC028AC00B76D4E /* Helvetica-Bold.pfa in CopyFiles */ = {isa = PBXBuildFile; fileRef = 27DD26660EC028AC00B76D4E /* Helvetica-Bold.pfa */; };
		27DD269F0EC028AC00B76D4E /* Helvetica-BoldOblique.afm in CopyFiles */ = {isa = PBXBuildFile; fileRef = 27DD26670EC028AC00B76D4E /* Helvetica-BoldOblique.afm */; };
		27DD26A00EC028AC00B76D4E /* Helvetica-BoldOblique.pfa in CopyFiles */ = {isa = PBXBuildFile; fileRef = 27DD26680EC028AC00B76D4E /* Helvetica-BoldOblique.pfa */; };
		27DD26A10EC028AC00B76D4E /* Helvetica-Oblique.afm in CopyFiles */ = {isa = PBXBuildFile; fileRef = 27DD26690EC028AC00B76D4E /* Helvetica-Oblique.afm */; };
		27DD26A20EC028AC00B76D4E /* Helvetica-Oblique.pfa in CopyFiles */ = {isa = PBXBuildFile; fileRef = 27DD266A0EC028AC00B76D4E /* Helvetica-Oblique.pfa */; };
		27DD26A30EC028AC00B76D4E /* Helvetica.afm in CopyFiles */ = {isa = PBXBuildFile; fileRef = 27DD266B0EC028AC00B76D4E /* Helvetica.afm */; };
		27DD26A40EC028AC00B76D4E /* Helvetica.pfa in CopyFiles */ = {isa = PBXBuildFile; fileRef = 27DD266C0EC028AC00B76D4E /* Helvetica.pfa */; };
		27DD26A50EC028AC00B76D4E /* Monospace-Bold.afm in CopyFiles */ = {isa = PBXBuildFile; fileRef = 27DD266D0EC028AC00B76D4E /* Monospace-Bold.afm */; };
		27DD26A60EC028AC00B76D4E /* Monospace-Bold.pfa in CopyFiles */ = {isa = PBXBuildFile; fileRef = 27DD266E0EC028AC00B76D4E /* Monospace-Bold.pfa */; };
		27DD26A70EC028AC00B76D4E /* Monospace-BoldOblique.afm in CopyFiles */ = {isa = PBXBuildFile; fileRef = 27DD266F0EC028AC00B76D4E /* Monospace-BoldOblique.afm */; };
		27DD26A80EC028AC00B76D4E /* Monospace-BoldOblique.pfa in CopyFiles */ = {isa = PBXBuildFile; fileRef = 27DD26700EC028AC00B76D4E /* Monospace-BoldOblique.pfa */; };
		27DD26A90EC028AC00B76D4E /* Monospace-Oblique.afm in CopyFiles */ = {isa = PBXBuildFile; fileRef = 27DD26710EC028AC00B76D4E /* Monospace-Oblique.afm */; };
		27DD26AA0EC028AC00B76D4E /* Monospace-Oblique.pfa in CopyFiles */ = {isa = PBXBuildFile; fileRef = 27DD26720EC028AC00B76D4E /* Monospace-Oblique.pfa */; };
		27DD26AB0EC028AC00B76D4E /* Monospace.afm in CopyFiles */ = {isa = PBXBuildFile; fileRef = 27DD26730EC028AC00B76D4E /* Monospace.afm */; };
		27DD26AC0EC028AC00B76D4E /* Monospace.pfa in CopyFiles */ = {isa = PBXBuildFile; fileRef = 27DD26740EC028AC00B76D4E /* Monospace.pfa */; };
		27DD26AD0EC028AC00B76D4E /* Sans-Bold.afm in CopyFiles */ = {isa = PBXBuildFile; fileRef = 27DD26750EC028AC00B76D4E /* Sans-Bold.afm */; };
		27DD26AE0EC028AC00B76D4E /* Sans-Bold.pfa in CopyFiles */ = {isa = PBXBuildFile; fileRef = 27DD26760EC028AC00B76D4E /* Sans-Bold.pfa */; };
		27DD26AF0EC028AC00B76D4E /* Sans-BoldOblique.afm in CopyFiles */ = {isa = PBXBuildFile; fileRef = 27DD26770EC028AC00B76D4E /* Sans-BoldOblique.afm */; };
		27DD26B00EC028AC00B76D4E /* Sans-BoldOblique.pfa in CopyFiles */ = {isa = PBXBuildFile; fileRef = 27DD26780EC028AC00B76D4E /* Sans-BoldOblique.pfa */; };
		27DD26B10EC028AC00B76D4E /* Sans-Oblique.afm in CopyFiles */ = {isa = PBXBuildFile; fileRef = 27DD26790EC028AC00B76D4E /* Sans-Oblique.afm */; };
		27DD26B20EC028AC00B76D4E /* Sans-Oblique.pfa in CopyFiles */ = {isa = PBXBuildFile; fileRef = 27DD267A0EC028AC00B76D4E /* Sans-Oblique.pfa */; };
		27DD26B30EC028AC00B76D4E /* Sans.afm in CopyFiles */ = {isa = PBXBuildFile; fileRef = 27DD267B0EC028AC00B76D4E /* Sans.afm */; };
		27DD26B40EC028AC00B76D4E /* Sans.pfa in CopyFiles */ = {isa = PBXBuildFile; fileRef = 27DD267C0EC028AC00B76D4E /* Sans.pfa */; };
		27DD26B50EC028AC00B76D4E /* Serif-Bold.afm in CopyFiles */ = {isa = PBXBuildFile; fileRef = 27DD267D0EC028AC00B76D4E /* Serif-Bold.afm */; };
		27DD26B60EC028AC00B76D4E /* Serif-Bold.pfa in CopyFiles */ = {isa = PBXBuildFile; fileRef = 27DD267E0EC028AC00B76D4E /* Serif-Bold.pfa */; };
		27DD26B70EC028AC00B76D4E /* Serif-BoldOblique.afm in CopyFiles */ = {isa = PBXBuildFile; fileRef = 27DD267F0EC028AC00B76D4E /* Serif-BoldOblique.afm */; };
		27DD26B80EC028AC00B76D4E /* Serif-BoldOblique.pfa in CopyFiles */ = {isa = PBXBuildFile; fileRef = 27DD26800EC028AC00B76D4E /* Serif-BoldOblique.pfa */; };
		27DD26B90EC028AC00B76D4E /* Serif-Oblique.afm in CopyFiles */ = {isa = PBXBuildFile; fileRef = 27DD26810EC028AC00B76D4E /* Serif-Oblique.afm */; };
		27DD26BA0EC028AC00B76D4E /* Serif-Oblique.pfa in CopyFiles */ = {isa = PBXBuildFile; fileRef = 27DD26820EC028AC00B76D4E /* Serif-Oblique.pfa */; };
		27DD26BB0EC028AC00B76D4E /* Serif-Roman.afm in CopyFiles */ = {isa = PBXBuildFile; fileRef = 27DD26830EC028AC00B76D4E /* Serif-Roman.afm */; };
		27DD26BC0EC028AC00B76D4E /* Serif-Roman.pfa in CopyFiles */ = {isa = PBXBuildFile; fileRef = 27DD26840EC028AC00B76D4E /* Serif-Roman.pfa */; };
		27DD26BD0EC028AC00B76D4E /* Symbol.afm in CopyFiles */ = {isa = PBXBuildFile; fileRef = 27DD26850EC028AC00B76D4E /* Symbol.afm */; };
		27DD26BE0EC028AC00B76D4E /* Symbol.pfa in CopyFiles */ = {isa = PBXBuildFile; fileRef = 27DD26860EC028AC00B76D4E /* Symbol.pfa */; };
		27DD26BF0EC028AC00B76D4E /* Times-Bold.afm in CopyFiles */ = {isa = PBXBuildFile; fileRef = 27DD26870EC028AC00B76D4E /* Times-Bold.afm */; };
		27DD26C00EC028AC00B76D4E /* Times-Bold.pfa in CopyFiles */ = {isa = PBXBuildFile; fileRef = 27DD26880EC028AC00B76D4E /* Times-Bold.pfa */; };
		27DD26C10EC028AC00B76D4E /* Times-BoldItalic.afm in CopyFiles */ = {isa = PBXBuildFile; fileRef = 27DD26890EC028AC00B76D4E /* Times-BoldItalic.afm */; };
		27DD26C20EC028AC00B76D4E /* Times-BoldItalic.pfa in CopyFiles */ = {isa = PBXBuildFile; fileRef = 27DD268A0EC028AC00B76D4E /* Times-BoldItalic.pfa */; };
		27DD26C30EC028AC00B76D4E /* Times-Italic.afm in CopyFiles */ = {isa = PBXBuildFile; fileRef = 27DD268B0EC028AC00B76D4E /* Times-Italic.afm */; };
		27DD26C40EC028AC00B76D4E /* Times-Italic.pfa in CopyFiles */ = {isa = PBXBuildFile; fileRef = 27DD268C0EC028AC00B76D4E /* Times-Italic.pfa */; };
		27DD26C50EC028AC00B76D4E /* Times-Roman.afm in CopyFiles */ = {isa = PBXBuildFile; fileRef = 27DD268D0EC028AC00B76D4E /* Times-Roman.afm */; };
		27DD26C60EC028AC00B76D4E /* Times-Roman.pfa in CopyFiles */ = {isa = PBXBuildFile; fileRef = 27DD268E0EC028AC00B76D4E /* Times-Roman.pfa */; };
		27DD26EC0EC0297800B76D4E /* cp-874 in CopyFiles */ = {isa = PBXBuildFile; fileRef = 27DD26D30EC0297800B76D4E /* cp-874 */; };
		27DD26ED0EC0297800B76D4E /* cp-1250 in CopyFiles */ = {isa = PBXBuildFile; fileRef = 27DD26D40EC0297800B76D4E /* cp-1250 */; };
		27DD26EE0EC0297800B76D4E /* cp-1251 in CopyFiles */ = {isa = PBXBuildFile; fileRef = 27DD26D50EC0297800B76D4E /* cp-1251 */; };
		27DD26EF0EC0297800B76D4E /* cp-1252 in CopyFiles */ = {isa = PBXBuildFile; fileRef = 27DD26D60EC0297800B76D4E /* cp-1252 */; };
		27DD26F00EC0297800B76D4E /* cp-1253 in CopyFiles */ = {isa = PBXBuildFile; fileRef = 27DD26D70EC0297800B76D4E /* cp-1253 */; };
		27DD26F10EC0297800B76D4E /* cp-1254 in CopyFiles */ = {isa = PBXBuildFile; fileRef = 27DD26D80EC0297800B76D4E /* cp-1254 */; };
		27DD26F20EC0297800B76D4E /* cp-1255 in CopyFiles */ = {isa = PBXBuildFile; fileRef = 27DD26D90EC0297800B76D4E /* cp-1255 */; };
		27DD26F30EC0297800B76D4E /* cp-1256 in CopyFiles */ = {isa = PBXBuildFile; fileRef = 27DD26DA0EC0297800B76D4E /* cp-1256 */; };
		27DD26F40EC0297800B76D4E /* cp-1257 in CopyFiles */ = {isa = PBXBuildFile; fileRef = 27DD26DB0EC0297800B76D4E /* cp-1257 */; };
		27DD26F50EC0297800B76D4E /* cp-1258 in CopyFiles */ = {isa = PBXBuildFile; fileRef = 27DD26DC0EC0297800B76D4E /* cp-1258 */; };
		27DD26F60EC0297800B76D4E /* iso-8859-1 in CopyFiles */ = {isa = PBXBuildFile; fileRef = 27DD26DD0EC0297800B76D4E /* iso-8859-1 */; };
		27DD26F70EC0297800B76D4E /* iso-8859-2 in CopyFiles */ = {isa = PBXBuildFile; fileRef = 27DD26DE0EC0297800B76D4E /* iso-8859-2 */; };
		27DD26F80EC0297800B76D4E /* iso-8859-3 in CopyFiles */ = {isa = PBXBuildFile; fileRef = 27DD26DF0EC0297800B76D4E /* iso-8859-3 */; };
		27DD26F90EC0297800B76D4E /* iso-8859-4 in CopyFiles */ = {isa = PBXBuildFile; fileRef = 27DD26E00EC0297800B76D4E /* iso-8859-4 */; };
		27DD26FA0EC0297800B76D4E /* iso-8859-5 in CopyFiles */ = {isa = PBXBuildFile; fileRef = 27DD26E10EC0297800B76D4E /* iso-8859-5 */; };
		27DD26FB0EC0297800B76D4E /* iso-8859-6 in CopyFiles */ = {isa = PBXBuildFile; fileRef = 27DD26E20EC0297800B76D4E /* iso-8859-6 */; };
		27DD26FC0EC0297800B76D4E /* iso-8859-7 in CopyFiles */ = {isa = PBXBuildFile; fileRef = 27DD26E30EC0297800B76D4E /* iso-8859-7 */; };
		27DD26FD0EC0297800B76D4E /* iso-8859-8 in CopyFiles */ = {isa = PBXBuildFile; fileRef = 27DD26E40EC0297800B76D4E /* iso-8859-8 */; };
		27DD26FE0EC0297800B76D4E /* iso-8859-9 in CopyFiles */ = {isa = PBXBuildFile; fileRef = 27DD26E50EC0297800B76D4E /* iso-8859-9 */; };
		27DD26FF0EC0297800B76D4E /* iso-8859-14 in CopyFiles */ = {isa = PBXBuildFile; fileRef = 27DD26E60EC0297800B76D4E /* iso-8859-14 */; };
		27DD27000EC0297800B76D4E /* iso-8859-15 in CopyFiles */ = {isa = PBXBuildFile; fileRef = 27DD26E70EC0297800B76D4E /* iso-8859-15 */; };
		27DD27010EC0297800B76D4E /* koi8-r in CopyFiles */ = {isa = PBXBuildFile; fileRef = 27DD26E80EC0297800B76D4E /* koi8-r */; };
		27DD27020EC0297800B76D4E /* prolog.ps in CopyFiles */ = {isa = PBXBuildFile; fileRef = 27DD26E90EC0297800B76D4E /* prolog.ps */; };
		27DD27030EC0297800B76D4E /* psglyphs in CopyFiles */ = {isa = PBXBuildFile; fileRef = 27DD26EA0EC0297800B76D4E /* psglyphs */; };
/* End PBXBuildFile section */

/* Begin PBXContainerItemProxy section */
		27DD270B0EC029FD00B76D4E /* PBXContainerItemProxy */ = {
			isa = PBXContainerItemProxy;
			containerPortal = 08FB7793FE84155DC02AAC07 /* Project object */;
			proxyType = 1;
			remoteGlobalIDString = 27DD26570EC0285300B76D4E;
			remoteInfo = fonts;
		};
		27DD270D0EC02A0100B76D4E /* PBXContainerItemProxy */ = {
			isa = PBXContainerItemProxy;
			containerPortal = 08FB7793FE84155DC02AAC07 /* Project object */;
			proxyType = 1;
			remoteGlobalIDString = 27DD26CF0EC0294500B76D4E;
			remoteInfo = "data files";
		};
/* End PBXContainerItemProxy section */

/* Begin PBXCopyFilesBuildPhase section */
		27DD26560EC0285300B76D4E /* CopyFiles */ = {
			isa = PBXCopyFilesBuildPhase;
			buildActionMask = 8;
			dstPath = /usr/share/htmldoc/fonts;
			dstSubfolderSpec = 0;
			files = (
				27DD26930EC028AC00B76D4E /* Courier-Bold.afm in CopyFiles */,
				27DD26940EC028AC00B76D4E /* Courier-Bold.pfa in CopyFiles */,
				27DD26950EC028AC00B76D4E /* Courier-BoldOblique.afm in CopyFiles */,
				27DD26960EC028AC00B76D4E /* Courier-BoldOblique.pfa in CopyFiles */,
				27DD26970EC028AC00B76D4E /* Courier-Oblique.afm in CopyFiles */,
				27DD26980EC028AC00B76D4E /* Courier-Oblique.pfa in CopyFiles */,
				27DD26990EC028AC00B76D4E /* Courier.afm in CopyFiles */,
				27DD269A0EC028AC00B76D4E /* Courier.pfa in CopyFiles */,
				27DD269B0EC028AC00B76D4E /* Dingbats.afm in CopyFiles */,
				27DD269C0EC028AC00B76D4E /* Dingbats.pfa in CopyFiles */,
				27DD269D0EC028AC00B76D4E /* Helvetica-Bold.afm in CopyFiles */,
				27DD269E0EC028AC00B76D4E /* Helvetica-Bold.pfa in CopyFiles */,
				27DD269F0EC028AC00B76D4E /* Helvetica-BoldOblique.afm in CopyFiles */,
				27DD26A00EC028AC00B76D4E /* Helvetica-BoldOblique.pfa in CopyFiles */,
				27DD26A10EC028AC00B76D4E /* Helvetica-Oblique.afm in CopyFiles */,
				27DD26A20EC028AC00B76D4E /* Helvetica-Oblique.pfa in CopyFiles */,
				27DD26A30EC028AC00B76D4E /* Helvetica.afm in CopyFiles */,
				27DD26A40EC028AC00B76D4E /* Helvetica.pfa in CopyFiles */,
				27DD26A50EC028AC00B76D4E /* Monospace-Bold.afm in CopyFiles */,
				27DD26A60EC028AC00B76D4E /* Monospace-Bold.pfa in CopyFiles */,
				27DD26A70EC028AC00B76D4E /* Monospace-BoldOblique.afm in CopyFiles */,
				27DD26A80EC028AC00B76D4E /* Monospace-BoldOblique.pfa in CopyFiles */,
				27DD26A90EC028AC00B76D4E /* Monospace-Oblique.afm in CopyFiles */,
				27DD26AA0EC028AC00B76D4E /* Monospace-Oblique.pfa in CopyFiles */,
				27DD26AB0EC028AC00B76D4E /* Monospace.afm in CopyFiles */,
				27DD26AC0EC028AC00B76D4E /* Monospace.pfa in CopyFiles */,
				27DD26AD0EC028AC00B76D4E /* Sans-Bold.afm in CopyFiles */,
				27DD26AE0EC028AC00B76D4E /* Sans-Bold.pfa in CopyFiles */,
				27DD26AF0EC028AC00B76D4E /* Sans-BoldOblique.afm in CopyFiles */,
				27DD26B00EC028AC00B76D4E /* Sans-BoldOblique.pfa in CopyFiles */,
				27DD26B10EC028AC00B76D4E /* Sans-Oblique.afm in CopyFiles */,
				27DD26B20EC028AC00B76D4E /* Sans-Oblique.pfa in CopyFiles */,
				27DD26B30EC028AC00B76D4E /* Sans.afm in CopyFiles */,
				27DD26B40EC028AC00B76D4E /* Sans.pfa in CopyFiles */,
				27DD26B50EC028AC00B76D4E /* Serif-Bold.afm in CopyFiles */,
				27DD26B60EC028AC00B76D4E /* Serif-Bold.pfa in CopyFiles */,
				27DD26B70EC028AC00B76D4E /* Serif-BoldOblique.afm in CopyFiles */,
				27DD26B80EC028AC00B76D4E /* Serif-BoldOblique.pfa in CopyFiles */,
				27DD26B90EC028AC00B76D4E /* Serif-Oblique.afm in CopyFiles */,
				27DD26BA0EC028AC00B76D4E /* Serif-Oblique.pfa in CopyFiles */,
				27DD26BB0EC028AC00B76D4E /* Serif-Roman.afm in CopyFiles */,
				27DD26BC0EC028AC00B76D4E /* Serif-Roman.pfa in CopyFiles */,
				27DD26BD0EC028AC00B76D4E /* Symbol.afm in CopyFiles */,
				27DD26BE0EC028AC00B76D4E /* Symbol.pfa in CopyFiles */,
				27DD26BF0EC028AC00B76D4E /* Times-Bold.afm in CopyFiles */,
				27DD26C00EC028AC00B76D4E /* Times-Bold.pfa in CopyFiles */,
				27DD26C10EC028AC00B76D4E /* Times-BoldItalic.afm in CopyFiles */,
				27DD26C20EC028AC00B76D4E /* Times-BoldItalic.pfa in CopyFiles */,
				27DD26C30EC028AC00B76D4E /* Times-Italic.afm in CopyFiles */,
				27DD26C40EC028AC00B76D4E /* Times-Italic.pfa in CopyFiles */,
				27DD26C50EC028AC00B76D4E /* Times-Roman.afm in CopyFiles */,
				27DD26C60EC028AC00B76D4E /* Times-Roman.pfa in CopyFiles */,
			);
			runOnlyForDeploymentPostprocessing = 1;
		};
		27DD26CE0EC0294500B76D4E /* CopyFiles */ = {
			isa = PBXCopyFilesBuildPhase;
			buildActionMask = 8;
			dstPath = /usr/share/htmldoc/data;
			dstSubfolderSpec = 0;
			files = (
				27DD26EC0EC0297800B76D4E /* cp-874 in CopyFiles */,
				27DD26ED0EC0297800B76D4E /* cp-1250 in CopyFiles */,
				27DD26EE0EC0297800B76D4E /* cp-1251 in CopyFiles */,
				27DD26EF0EC0297800B76D4E /* cp-1252 in CopyFiles */,
				27DD26F00EC0297800B76D4E /* cp-1253 in CopyFiles */,
				27DD26F10EC0297800B76D4E /* cp-1254 in CopyFiles */,
				27DD26F20EC0297800B76D4E /* cp-1255 in CopyFiles */,
				27DD26F30EC0297800B76D4E /* cp-1256 in CopyFiles */,
				27DD26F40EC0297800B76D4E /* cp-1257 in CopyFiles */,
				27DD26F50EC0297800B76D4E /* cp-1258 in CopyFiles */,
				27DD26F60EC0297800B76D4E /* iso-8859-1 in CopyFiles */,
				27DD26F70EC0297800B76D4E /* iso-8859-2 in CopyFiles */,
				27DD26F80EC0297800B76D4E /* iso-8859-3 in CopyFiles */,
				27DD26F90EC0297800B76D4E /* iso-8859-4 in CopyFiles */,
				27DD26FA0EC0297800B76D4E /* iso-8859-5 in CopyFiles */,
				27DD26FB0EC0297800B76D4E /* iso-8859-6 in CopyFiles */,
				27DD26FC0EC0297800B76D4E /* iso-8859-7 in CopyFiles */,
				27DD26FD0EC0297800B76D4E /* iso-8859-8 in CopyFiles */,
				27DD26FE0EC0297800B76D4E /* iso-8859-9 in CopyFiles */,
				27DD26FF0EC0297800B76D4E /* iso-8859-14 in CopyFiles */,
				27DD27000EC0297800B76D4E /* iso-8859-15 in CopyFiles */,
				27DD27010EC0297800B76D4E /* koi8-r in CopyFiles */,
				27DD27020EC0297800B76D4E /* prolog.ps in CopyFiles */,
				27DD27030EC0297800B76D4E /* psglyphs in CopyFiles */,
			);
			runOnlyForDeploymentPostprocessing = 1;
		};
		8DD76F690486A84900D96B5E /* CopyFiles */ = {
			isa = PBXCopyFilesBuildPhase;
			buildActionMask = 8;
			dstPath = /usr/share/man/man1/;
			dstSubfolderSpec = 0;
			files = (
				27A9F6FE18D5450C00804DE9 /* htmldoc.man in CopyFiles */,
			);
			runOnlyForDeploymentPostprocessing = 1;
		};
/* End PBXCopyFilesBuildPhase section */

/* Begin PBXFileReference section */
		2788A4C71EAEF1B4007ED0E1 /* htmldoc */ = {isa = PBXFileReference; explicitFileType = "compiled.mach-o.executable"; includeInIndex = 0; path = htmldoc; sourceTree = BUILT_PRODUCTS_DIR; };
		2788A4C81EAEF234007ED0E1 /* epub.cxx */ = {isa = PBXFileReference; fileEncoding = 4; lastKnownFileType = sourcecode.cpp.cpp; name = epub.cxx; path = ../htmldoc/epub.cxx; sourceTree = "<group>"; };
		2788A4C91EAEF234007ED0E1 /* markdown.cxx */ = {isa = PBXFileReference; fileEncoding = 4; lastKnownFileType = sourcecode.cpp.cpp; name = markdown.cxx; path = ../htmldoc/markdown.cxx; sourceTree = "<group>"; };
		2788A4CA1EAEF234007ED0E1 /* markdown.h */ = {isa = PBXFileReference; fileEncoding = 4; lastKnownFileType = sourcecode.c.h; name = markdown.h; path = ../htmldoc/markdown.h; sourceTree = "<group>"; };
		2788A4CB1EAEF234007ED0E1 /* mmd.c */ = {isa = PBXFileReference; fileEncoding = 4; lastKnownFileType = sourcecode.c.c; name = mmd.c; path = ../htmldoc/mmd.c; sourceTree = "<group>"; };
		2788A4CC1EAEF234007ED0E1 /* mmd.h */ = {isa = PBXFileReference; fileEncoding = 4; lastKnownFileType = sourcecode.c.h; name = mmd.h; path = ../htmldoc/mmd.h; sourceTree = "<group>"; };
		2788A4CD1EAEF234007ED0E1 /* zipc.c */ = {isa = PBXFileReference; fileEncoding = 4; lastKnownFileType = sourcecode.c.c; name = zipc.c; path = ../htmldoc/zipc.c; sourceTree = "<group>"; };
		2788A4CE1EAEF234007ED0E1 /* zipc.h */ = {isa = PBXFileReference; fileEncoding = 4; lastKnownFileType = sourcecode.c.h; name = zipc.h; path = ../htmldoc/zipc.h; sourceTree = "<group>"; };
		27A9F6DB18D527AC00804DE9 /* file.c */ = {isa = PBXFileReference; fileEncoding = 4; lastKnownFileType = sourcecode.c.c; name = file.c; path = ../htmldoc/file.c; sourceTree = "<group>"; };
		27A9F6DC18D527AC00804DE9 /* htmlsep.cxx */ = {isa = PBXFileReference; fileEncoding = 4; lastKnownFileType = sourcecode.cpp.cpp; name = htmlsep.cxx; path = ../htmldoc/htmlsep.cxx; sourceTree = "<group>"; };
		27A9F6DD18D527AC00804DE9 /* http-addr.c */ = {isa = PBXFileReference; fileEncoding = 4; lastKnownFileType = sourcecode.c.c; name = "http-addr.c"; path = "../htmldoc/http-addr.c"; sourceTree = "<group>"; };
		27A9F6DE18D527AC00804DE9 /* http-addrlist.c */ = {isa = PBXFileReference; fileEncoding = 4; lastKnownFileType = sourcecode.c.c; name = "http-addrlist.c"; path = "../htmldoc/http-addrlist.c"; sourceTree = "<group>"; };
		27A9F6DF18D527AC00804DE9 /* http-private.h */ = {isa = PBXFileReference; fileEncoding = 4; lastKnownFileType = sourcecode.c.h; name = "http-private.h"; path = "../htmldoc/http-private.h"; sourceTree = "<group>"; };
		27A9F6E018D527AC00804DE9 /* http-support.c */ = {isa = PBXFileReference; fileEncoding = 4; lastKnownFileType = sourcecode.c.c; name = "http-support.c"; path = "../htmldoc/http-support.c"; sourceTree = "<group>"; };
		27A9F6E118D527AC00804DE9 /* http.c */ = {isa = PBXFileReference; fileEncoding = 4; lastKnownFileType = sourcecode.c.c; name = http.c; path = ../htmldoc/http.c; sourceTree = "<group>"; };
		27A9F6E218D527AC00804DE9 /* iso8859.cxx */ = {isa = PBXFileReference; fileEncoding = 4; lastKnownFileType = sourcecode.cpp.cpp; name = iso8859.cxx; path = ../htmldoc/iso8859.cxx; sourceTree = "<group>"; };
		27A9F6E318D527AC00804DE9 /* iso8859.h */ = {isa = PBXFileReference; fileEncoding = 4; lastKnownFileType = sourcecode.c.h; name = iso8859.h; path = ../htmldoc/iso8859.h; sourceTree = "<group>"; };
		27A9F6E418D527AC00804DE9 /* license.cxx */ = {isa = PBXFileReference; fileEncoding = 4; lastKnownFileType = sourcecode.cpp.cpp; name = license.cxx; path = ../htmldoc/license.cxx; sourceTree = "<group>"; };
		27A9F6E518D527AC00804DE9 /* md5-private.h */ = {isa = PBXFileReference; fileEncoding = 4; lastKnownFileType = sourcecode.c.h; name = "md5-private.h"; path = "../htmldoc/md5-private.h"; sourceTree = "<group>"; };
		27A9F6E618D527AC00804DE9 /* md5.c */ = {isa = PBXFileReference; fileEncoding = 4; lastKnownFileType = sourcecode.c.c; name = md5.c; path = ../htmldoc/md5.c; sourceTree = "<group>"; };
		27A9F6E718D527AC00804DE9 /* rc4.c */ = {isa = PBXFileReference; fileEncoding = 4; lastKnownFileType = sourcecode.c.c; name = rc4.c; path = ../htmldoc/rc4.c; sourceTree = "<group>"; };
		27A9F6F218D527D300804DE9 /* Security.framework */ = {isa = PBXFileReference; lastKnownFileType = wrapper.framework; name = Security.framework; path = System/Library/Frameworks/Security.framework; sourceTree = SDKROOT; };
		27A9F6F418D527D900804DE9 /* CoreFoundation.framework */ = {isa = PBXFileReference; lastKnownFileType = wrapper.framework; name = CoreFoundation.framework; path = System/Library/Frameworks/CoreFoundation.framework; sourceTree = SDKROOT; };
		27A9F6FD18D5294000804DE9 /* htmldoc.man */ = {isa = PBXFileReference; fileEncoding = 4; lastKnownFileType = text; name = htmldoc.man; path = ../doc/htmldoc.man; sourceTree = "<group>"; };
		27CACC3D2794ED5A00BC4A11 /* libz.tbd */ = {isa = PBXFileReference; lastKnownFileType = "sourcecode.text-based-dylib-definition"; name = libz.tbd; path = usr/lib/libz.tbd; sourceTree = SDKROOT; };
		27CACC3F2794ED6200BC4A11 /* libresolv.tbd */ = {isa = PBXFileReference; lastKnownFileType = "sourcecode.text-based-dylib-definition"; name = libresolv.tbd; path = usr/lib/libresolv.tbd; sourceTree = SDKROOT; };
		27CACC422794F22500BC4A11 /* libfltk.a */ = {isa = PBXFileReference; lastKnownFileType = archive.ar; name = libfltk.a; path = ../../../../../usr/local/lib/libfltk.a; sourceTree = "<group>"; };
		27CACC432794F22500BC4A11 /* libfltk_images.a */ = {isa = PBXFileReference; lastKnownFileType = archive.ar; name = libfltk_images.a; path = ../../../../../usr/local/lib/libfltk_images.a; sourceTree = "<group>"; };
		27CACC462794F23000BC4A11 /* CoreGraphics.framework */ = {isa = PBXFileReference; lastKnownFileType = wrapper.framework; name = CoreGraphics.framework; path = System/Library/Frameworks/CoreGraphics.framework; sourceTree = SDKROOT; };
		27CACC482794F23C00BC4A11 /* CoreText.framework */ = {isa = PBXFileReference; lastKnownFileType = wrapper.framework; name = CoreText.framework; path = System/Library/Frameworks/CoreText.framework; sourceTree = SDKROOT; };
		27CACC4A2794F24700BC4A11 /* ApplicationServices.framework */ = {isa = PBXFileReference; lastKnownFileType = wrapper.framework; name = ApplicationServices.framework; path = System/Library/Frameworks/ApplicationServices.framework; sourceTree = SDKROOT; };
		27CACC4C2794F25500BC4A11 /* Cocoa.framework */ = {isa = PBXFileReference; lastKnownFileType = wrapper.framework; name = Cocoa.framework; path = System/Library/Frameworks/Cocoa.framework; sourceTree = SDKROOT; };
		27CACC4E2794F2CF00BC4A11 /* gui.cxx */ = {isa = PBXFileReference; fileEncoding = 4; lastKnownFileType = sourcecode.cpp.cpp; name = gui.cxx; path = ../htmldoc/gui.cxx; sourceTree = "<group>"; };
		27CACC4F2794F2CF00BC4A11 /* gui.h */ = {isa = PBXFileReference; fileEncoding = 4; lastKnownFileType = sourcecode.c.h; name = gui.h; path = ../htmldoc/gui.h; sourceTree = "<group>"; };
		27D3E1822794DC0D0034494A /* libpng16.a */ = {isa = PBXFileReference; lastKnownFileType = archive.ar; name = libpng16.a; path = ../../../../../usr/local/lib/libpng16.a; sourceTree = "<group>"; };
		27D3E1832794DC0D0034494A /* libjpeg.a */ = {isa = PBXFileReference; lastKnownFileType = archive.ar; name = libjpeg.a; path = ../../../../../usr/local/lib/libjpeg.a; sourceTree = "<group>"; };
		27D571431C3863E200D93F41 /* tls-darwin.c */ = {isa = PBXFileReference; fileEncoding = 4; lastKnownFileType = sourcecode.c.c; name = "tls-darwin.c"; path = "../htmldoc/tls-darwin.c"; sourceTree = "<group>"; };
		27D571441C3863E200D93F41 /* tls-gnutls.c */ = {isa = PBXFileReference; fileEncoding = 4; lastKnownFileType = sourcecode.c.c; name = "tls-gnutls.c"; path = "../htmldoc/tls-gnutls.c"; sourceTree = "<group>"; };
		27D571451C3863E200D93F41 /* tls-sspi.c */ = {isa = PBXFileReference; fileEncoding = 4; lastKnownFileType = sourcecode.c.c; name = "tls-sspi.c"; path = "../htmldoc/tls-sspi.c"; sourceTree = "<group>"; };
		27D571461C3863E200D93F41 /* tls.c */ = {isa = PBXFileReference; fileEncoding = 4; lastKnownFileType = sourcecode.c.c; name = tls.c; path = ../htmldoc/tls.c; sourceTree = "<group>"; };
		27D5714B1C386EFF00D93F41 /* array-private.h */ = {isa = PBXFileReference; fileEncoding = 4; lastKnownFileType = sourcecode.c.h; name = "array-private.h"; path = "../htmldoc/array-private.h"; sourceTree = "<group>"; };
		27D5714C1C386EFF00D93F41 /* array.c */ = {isa = PBXFileReference; fileEncoding = 4; lastKnownFileType = sourcecode.c.c; name = array.c; path = ../htmldoc/array.c; sourceTree = "<group>"; };
		27D5714D1C386EFF00D93F41 /* array.h */ = {isa = PBXFileReference; fileEncoding = 4; lastKnownFileType = sourcecode.c.h; name = array.h; path = ../htmldoc/array.h; sourceTree = "<group>"; };
		27DD25290EC019F500B76D4E /* config.h */ = {isa = PBXFileReference; fileEncoding = 4; lastKnownFileType = sourcecode.c.h; path = config.h; sourceTree = "<group>"; };
		27DD252A0EC01A3300B76D4E /* debug.h */ = {isa = PBXFileReference; fileEncoding = 4; lastKnownFileType = sourcecode.c.h; name = debug.h; path = ../htmldoc/debug.h; sourceTree = SOURCE_ROOT; };
		27DD252D0EC01A3300B76D4E /* file.h */ = {isa = PBXFileReference; fileEncoding = 4; lastKnownFileType = sourcecode.c.h; name = file.h; path = ../htmldoc/file.h; sourceTree = SOURCE_ROOT; };
		27DD252E0EC01A3300B76D4E /* hdstring.h */ = {isa = PBXFileReference; fileEncoding = 4; lastKnownFileType = sourcecode.c.h; name = hdstring.h; path = ../htmldoc/hdstring.h; sourceTree = SOURCE_ROOT; };
		27DD252F0EC01A3300B76D4E /* html.cxx */ = {isa = PBXFileReference; fileEncoding = 4; lastKnownFileType = sourcecode.cpp.cpp; name = html.cxx; path = ../htmldoc/html.cxx; sourceTree = SOURCE_ROOT; };
		27DD25300EC01A3300B76D4E /* html.h */ = {isa = PBXFileReference; fileEncoding = 4; lastKnownFileType = sourcecode.c.h; name = html.h; path = ../htmldoc/html.h; sourceTree = SOURCE_ROOT; };
		27DD25310EC01A3300B76D4E /* htmldoc.cxx */ = {isa = PBXFileReference; fileEncoding = 4; lastKnownFileType = sourcecode.cpp.cpp; name = htmldoc.cxx; path = ../htmldoc/htmldoc.cxx; sourceTree = SOURCE_ROOT; };
		27DD25320EC01A3300B76D4E /* htmldoc.h */ = {isa = PBXFileReference; fileEncoding = 4; lastKnownFileType = sourcecode.c.h; name = htmldoc.h; path = ../htmldoc/htmldoc.h; sourceTree = SOURCE_ROOT; };
		27DD25330EC01A3300B76D4E /* htmllib.cxx */ = {isa = PBXFileReference; fileEncoding = 4; lastKnownFileType = sourcecode.cpp.cpp; name = htmllib.cxx; path = ../htmldoc/htmllib.cxx; sourceTree = SOURCE_ROOT; };
		27DD253A0EC01A3300B76D4E /* http.h */ = {isa = PBXFileReference; fileEncoding = 4; lastKnownFileType = sourcecode.c.h; name = http.h; path = ../htmldoc/http.h; sourceTree = SOURCE_ROOT; };
		27DD253B0EC01A3300B76D4E /* image.cxx */ = {isa = PBXFileReference; fileEncoding = 4; lastKnownFileType = sourcecode.cpp.cpp; name = image.cxx; path = ../htmldoc/image.cxx; sourceTree = SOURCE_ROOT; };
		27DD253C0EC01A3300B76D4E /* image.h */ = {isa = PBXFileReference; fileEncoding = 4; lastKnownFileType = sourcecode.c.h; name = image.h; path = ../htmldoc/image.h; sourceTree = SOURCE_ROOT; };
		27DD25420EC01A3300B76D4E /* progress.cxx */ = {isa = PBXFileReference; fileEncoding = 4; lastKnownFileType = sourcecode.cpp.cpp; name = progress.cxx; path = ../htmldoc/progress.cxx; sourceTree = SOURCE_ROOT; };
		27DD25430EC01A3300B76D4E /* progress.h */ = {isa = PBXFileReference; fileEncoding = 4; lastKnownFileType = sourcecode.c.h; name = progress.h; path = ../htmldoc/progress.h; sourceTree = SOURCE_ROOT; };
		27DD25440EC01A3300B76D4E /* ps-pdf.cxx */ = {isa = PBXFileReference; fileEncoding = 4; lastKnownFileType = sourcecode.cpp.cpp; name = "ps-pdf.cxx"; path = "../htmldoc/ps-pdf.cxx"; sourceTree = SOURCE_ROOT; };
		27DD25460EC01A3300B76D4E /* rc4.h */ = {isa = PBXFileReference; fileEncoding = 4; lastKnownFileType = sourcecode.c.h; name = rc4.h; path = ../htmldoc/rc4.h; sourceTree = SOURCE_ROOT; };
		27DD254D0EC01A3300B76D4E /* toc.cxx */ = {isa = PBXFileReference; fileEncoding = 4; lastKnownFileType = sourcecode.cpp.cpp; name = toc.cxx; path = ../htmldoc/toc.cxx; sourceTree = SOURCE_ROOT; };
		27DD254E0EC01A3300B76D4E /* types.h */ = {isa = PBXFileReference; fileEncoding = 4; lastKnownFileType = sourcecode.c.h; name = types.h; path = ../htmldoc/types.h; sourceTree = SOURCE_ROOT; };
		27DD254F0EC01A3300B76D4E /* util.cxx */ = {isa = PBXFileReference; fileEncoding = 4; lastKnownFileType = sourcecode.cpp.cpp; name = util.cxx; path = ../htmldoc/util.cxx; sourceTree = SOURCE_ROOT; };
		27DD26450EC024FA00B76D4E /* string.c */ = {isa = PBXFileReference; fileEncoding = 4; lastKnownFileType = sourcecode.c.c; name = string.c; path = ../htmldoc/string.c; sourceTree = SOURCE_ROOT; };
		27DD265B0EC028AC00B76D4E /* Courier-Bold.afm */ = {isa = PBXFileReference; fileEncoding = 4; lastKnownFileType = text; name = "Courier-Bold.afm"; path = "../fonts/Courier-Bold.afm"; sourceTree = SOURCE_ROOT; };
		27DD265C0EC028AC00B76D4E /* Courier-Bold.pfa */ = {isa = PBXFileReference; fileEncoding = 4; lastKnownFileType = text; name = "Courier-Bold.pfa"; path = "../fonts/Courier-Bold.pfa"; sourceTree = SOURCE_ROOT; };
		27DD265D0EC028AC00B76D4E /* Courier-BoldOblique.afm */ = {isa = PBXFileReference; fileEncoding = 4; lastKnownFileType = text; name = "Courier-BoldOblique.afm"; path = "../fonts/Courier-BoldOblique.afm"; sourceTree = SOURCE_ROOT; };
		27DD265E0EC028AC00B76D4E /* Courier-BoldOblique.pfa */ = {isa = PBXFileReference; fileEncoding = 4; lastKnownFileType = text; name = "Courier-BoldOblique.pfa"; path = "../fonts/Courier-BoldOblique.pfa"; sourceTree = SOURCE_ROOT; };
		27DD265F0EC028AC00B76D4E /* Courier-Oblique.afm */ = {isa = PBXFileReference; fileEncoding = 4; lastKnownFileType = text; name = "Courier-Oblique.afm"; path = "../fonts/Courier-Oblique.afm"; sourceTree = SOURCE_ROOT; };
		27DD26600EC028AC00B76D4E /* Courier-Oblique.pfa */ = {isa = PBXFileReference; fileEncoding = 4; lastKnownFileType = text; name = "Courier-Oblique.pfa"; path = "../fonts/Courier-Oblique.pfa"; sourceTree = SOURCE_ROOT; };
		27DD26610EC028AC00B76D4E /* Courier.afm */ = {isa = PBXFileReference; fileEncoding = 4; lastKnownFileType = text; name = Courier.afm; path = ../fonts/Courier.afm; sourceTree = SOURCE_ROOT; };
		27DD26620EC028AC00B76D4E /* Courier.pfa */ = {isa = PBXFileReference; fileEncoding = 4; lastKnownFileType = text; name = Courier.pfa; path = ../fonts/Courier.pfa; sourceTree = SOURCE_ROOT; };
		27DD26630EC028AC00B76D4E /* Dingbats.afm */ = {isa = PBXFileReference; fileEncoding = 4; lastKnownFileType = text; name = Dingbats.afm; path = ../fonts/Dingbats.afm; sourceTree = SOURCE_ROOT; };
		27DD26640EC028AC00B76D4E /* Dingbats.pfa */ = {isa = PBXFileReference; fileEncoding = 4; lastKnownFileType = text; name = Dingbats.pfa; path = ../fonts/Dingbats.pfa; sourceTree = SOURCE_ROOT; };
		27DD26650EC028AC00B76D4E /* Helvetica-Bold.afm */ = {isa = PBXFileReference; fileEncoding = 4; lastKnownFileType = text; name = "Helvetica-Bold.afm"; path = "../fonts/Helvetica-Bold.afm"; sourceTree = SOURCE_ROOT; };
		27DD26660EC028AC00B76D4E /* Helvetica-Bold.pfa */ = {isa = PBXFileReference; fileEncoding = 4; lastKnownFileType = text; name = "Helvetica-Bold.pfa"; path = "../fonts/Helvetica-Bold.pfa"; sourceTree = SOURCE_ROOT; };
		27DD26670EC028AC00B76D4E /* Helvetica-BoldOblique.afm */ = {isa = PBXFileReference; fileEncoding = 4; lastKnownFileType = text; name = "Helvetica-BoldOblique.afm"; path = "../fonts/Helvetica-BoldOblique.afm"; sourceTree = SOURCE_ROOT; };
		27DD26680EC028AC00B76D4E /* Helvetica-BoldOblique.pfa */ = {isa = PBXFileReference; fileEncoding = 4; lastKnownFileType = text; name = "Helvetica-BoldOblique.pfa"; path = "../fonts/Helvetica-BoldOblique.pfa"; sourceTree = SOURCE_ROOT; };
		27DD26690EC028AC00B76D4E /* Helvetica-Oblique.afm */ = {isa = PBXFileReference; fileEncoding = 4; lastKnownFileType = text; name = "Helvetica-Oblique.afm"; path = "../fonts/Helvetica-Oblique.afm"; sourceTree = SOURCE_ROOT; };
		27DD266A0EC028AC00B76D4E /* Helvetica-Oblique.pfa */ = {isa = PBXFileReference; fileEncoding = 4; lastKnownFileType = text; name = "Helvetica-Oblique.pfa"; path = "../fonts/Helvetica-Oblique.pfa"; sourceTree = SOURCE_ROOT; };
		27DD266B0EC028AC00B76D4E /* Helvetica.afm */ = {isa = PBXFileReference; fileEncoding = 4; lastKnownFileType = text; name = Helvetica.afm; path = ../fonts/Helvetica.afm; sourceTree = SOURCE_ROOT; };
		27DD266C0EC028AC00B76D4E /* Helvetica.pfa */ = {isa = PBXFileReference; fileEncoding = 4; lastKnownFileType = text; name = Helvetica.pfa; path = ../fonts/Helvetica.pfa; sourceTree = SOURCE_ROOT; };
		27DD266D0EC028AC00B76D4E /* Monospace-Bold.afm */ = {isa = PBXFileReference; fileEncoding = 4; lastKnownFileType = text; name = "Monospace-Bold.afm"; path = "../fonts/Monospace-Bold.afm"; sourceTree = SOURCE_ROOT; };
		27DD266E0EC028AC00B76D4E /* Monospace-Bold.pfa */ = {isa = PBXFileReference; fileEncoding = 4; lastKnownFileType = text; name = "Monospace-Bold.pfa"; path = "../fonts/Monospace-Bold.pfa"; sourceTree = SOURCE_ROOT; };
		27DD266F0EC028AC00B76D4E /* Monospace-BoldOblique.afm */ = {isa = PBXFileReference; fileEncoding = 4; lastKnownFileType = text; name = "Monospace-BoldOblique.afm"; path = "../fonts/Monospace-BoldOblique.afm"; sourceTree = SOURCE_ROOT; };
		27DD26700EC028AC00B76D4E /* Monospace-BoldOblique.pfa */ = {isa = PBXFileReference; fileEncoding = 4; lastKnownFileType = text; name = "Monospace-BoldOblique.pfa"; path = "../fonts/Monospace-BoldOblique.pfa"; sourceTree = SOURCE_ROOT; };
		27DD26710EC028AC00B76D4E /* Monospace-Oblique.afm */ = {isa = PBXFileReference; fileEncoding = 4; lastKnownFileType = text; name = "Monospace-Oblique.afm"; path = "../fonts/Monospace-Oblique.afm"; sourceTree = SOURCE_ROOT; };
		27DD26720EC028AC00B76D4E /* Monospace-Oblique.pfa */ = {isa = PBXFileReference; fileEncoding = 4; lastKnownFileType = text; name = "Monospace-Oblique.pfa"; path = "../fonts/Monospace-Oblique.pfa"; sourceTree = SOURCE_ROOT; };
		27DD26730EC028AC00B76D4E /* Monospace.afm */ = {isa = PBXFileReference; fileEncoding = 4; lastKnownFileType = text; name = Monospace.afm; path = ../fonts/Monospace.afm; sourceTree = SOURCE_ROOT; };
		27DD26740EC028AC00B76D4E /* Monospace.pfa */ = {isa = PBXFileReference; fileEncoding = 4; lastKnownFileType = text; name = Monospace.pfa; path = ../fonts/Monospace.pfa; sourceTree = SOURCE_ROOT; };
		27DD26750EC028AC00B76D4E /* Sans-Bold.afm */ = {isa = PBXFileReference; fileEncoding = 4; lastKnownFileType = text; name = "Sans-Bold.afm"; path = "../fonts/Sans-Bold.afm"; sourceTree = SOURCE_ROOT; };
		27DD26760EC028AC00B76D4E /* Sans-Bold.pfa */ = {isa = PBXFileReference; fileEncoding = 4; lastKnownFileType = text; name = "Sans-Bold.pfa"; path = "../fonts/Sans-Bold.pfa"; sourceTree = SOURCE_ROOT; };
		27DD26770EC028AC00B76D4E /* Sans-BoldOblique.afm */ = {isa = PBXFileReference; fileEncoding = 4; lastKnownFileType = text; name = "Sans-BoldOblique.afm"; path = "../fonts/Sans-BoldOblique.afm"; sourceTree = SOURCE_ROOT; };
		27DD26780EC028AC00B76D4E /* Sans-BoldOblique.pfa */ = {isa = PBXFileReference; fileEncoding = 4; lastKnownFileType = text; name = "Sans-BoldOblique.pfa"; path = "../fonts/Sans-BoldOblique.pfa"; sourceTree = SOURCE_ROOT; };
		27DD26790EC028AC00B76D4E /* Sans-Oblique.afm */ = {isa = PBXFileReference; fileEncoding = 4; lastKnownFileType = text; name = "Sans-Oblique.afm"; path = "../fonts/Sans-Oblique.afm"; sourceTree = SOURCE_ROOT; };
		27DD267A0EC028AC00B76D4E /* Sans-Oblique.pfa */ = {isa = PBXFileReference; fileEncoding = 4; lastKnownFileType = text; name = "Sans-Oblique.pfa"; path = "../fonts/Sans-Oblique.pfa"; sourceTree = SOURCE_ROOT; };
		27DD267B0EC028AC00B76D4E /* Sans.afm */ = {isa = PBXFileReference; fileEncoding = 4; lastKnownFileType = text; name = Sans.afm; path = ../fonts/Sans.afm; sourceTree = SOURCE_ROOT; };
		27DD267C0EC028AC00B76D4E /* Sans.pfa */ = {isa = PBXFileReference; fileEncoding = 4; lastKnownFileType = text; name = Sans.pfa; path = ../fonts/Sans.pfa; sourceTree = SOURCE_ROOT; };
		27DD267D0EC028AC00B76D4E /* Serif-Bold.afm */ = {isa = PBXFileReference; fileEncoding = 4; lastKnownFileType = text; name = "Serif-Bold.afm"; path = "../fonts/Serif-Bold.afm"; sourceTree = SOURCE_ROOT; };
		27DD267E0EC028AC00B76D4E /* Serif-Bold.pfa */ = {isa = PBXFileReference; fileEncoding = 4; lastKnownFileType = text; name = "Serif-Bold.pfa"; path = "../fonts/Serif-Bold.pfa"; sourceTree = SOURCE_ROOT; };
		27DD267F0EC028AC00B76D4E /* Serif-BoldOblique.afm */ = {isa = PBXFileReference; fileEncoding = 4; lastKnownFileType = text; name = "Serif-BoldOblique.afm"; path = "../fonts/Serif-BoldOblique.afm"; sourceTree = SOURCE_ROOT; };
		27DD26800EC028AC00B76D4E /* Serif-BoldOblique.pfa */ = {isa = PBXFileReference; fileEncoding = 4; lastKnownFileType = text; name = "Serif-BoldOblique.pfa"; path = "../fonts/Serif-BoldOblique.pfa"; sourceTree = SOURCE_ROOT; };
		27DD26810EC028AC00B76D4E /* Serif-Oblique.afm */ = {isa = PBXFileReference; fileEncoding = 4; lastKnownFileType = text; name = "Serif-Oblique.afm"; path = "../fonts/Serif-Oblique.afm"; sourceTree = SOURCE_ROOT; };
		27DD26820EC028AC00B76D4E /* Serif-Oblique.pfa */ = {isa = PBXFileReference; fileEncoding = 4; lastKnownFileType = text; name = "Serif-Oblique.pfa"; path = "../fonts/Serif-Oblique.pfa"; sourceTree = SOURCE_ROOT; };
		27DD26830EC028AC00B76D4E /* Serif-Roman.afm */ = {isa = PBXFileReference; fileEncoding = 4; lastKnownFileType = text; name = "Serif-Roman.afm"; path = "../fonts/Serif-Roman.afm"; sourceTree = SOURCE_ROOT; };
		27DD26840EC028AC00B76D4E /* Serif-Roman.pfa */ = {isa = PBXFileReference; fileEncoding = 4; lastKnownFileType = text; name = "Serif-Roman.pfa"; path = "../fonts/Serif-Roman.pfa"; sourceTree = SOURCE_ROOT; };
		27DD26850EC028AC00B76D4E /* Symbol.afm */ = {isa = PBXFileReference; fileEncoding = 4; lastKnownFileType = text; name = Symbol.afm; path = ../fonts/Symbol.afm; sourceTree = SOURCE_ROOT; };
		27DD26860EC028AC00B76D4E /* Symbol.pfa */ = {isa = PBXFileReference; fileEncoding = 4; lastKnownFileType = text; name = Symbol.pfa; path = ../fonts/Symbol.pfa; sourceTree = SOURCE_ROOT; };
		27DD26870EC028AC00B76D4E /* Times-Bold.afm */ = {isa = PBXFileReference; fileEncoding = 4; lastKnownFileType = text; name = "Times-Bold.afm"; path = "../fonts/Times-Bold.afm"; sourceTree = SOURCE_ROOT; };
		27DD26880EC028AC00B76D4E /* Times-Bold.pfa */ = {isa = PBXFileReference; fileEncoding = 4; lastKnownFileType = text; name = "Times-Bold.pfa"; path = "../fonts/Times-Bold.pfa"; sourceTree = SOURCE_ROOT; };
		27DD26890EC028AC00B76D4E /* Times-BoldItalic.afm */ = {isa = PBXFileReference; fileEncoding = 4; lastKnownFileType = text; name = "Times-BoldItalic.afm"; path = "../fonts/Times-BoldItalic.afm"; sourceTree = SOURCE_ROOT; };
		27DD268A0EC028AC00B76D4E /* Times-BoldItalic.pfa */ = {isa = PBXFileReference; fileEncoding = 4; lastKnownFileType = text; name = "Times-BoldItalic.pfa"; path = "../fonts/Times-BoldItalic.pfa"; sourceTree = SOURCE_ROOT; };
		27DD268B0EC028AC00B76D4E /* Times-Italic.afm */ = {isa = PBXFileReference; fileEncoding = 4; lastKnownFileType = text; name = "Times-Italic.afm"; path = "../fonts/Times-Italic.afm"; sourceTree = SOURCE_ROOT; };
		27DD268C0EC028AC00B76D4E /* Times-Italic.pfa */ = {isa = PBXFileReference; fileEncoding = 4; lastKnownFileType = text; name = "Times-Italic.pfa"; path = "../fonts/Times-Italic.pfa"; sourceTree = SOURCE_ROOT; };
		27DD268D0EC028AC00B76D4E /* Times-Roman.afm */ = {isa = PBXFileReference; fileEncoding = 4; lastKnownFileType = text; name = "Times-Roman.afm"; path = "../fonts/Times-Roman.afm"; sourceTree = SOURCE_ROOT; };
		27DD268E0EC028AC00B76D4E /* Times-Roman.pfa */ = {isa = PBXFileReference; fileEncoding = 4; lastKnownFileType = text; name = "Times-Roman.pfa"; path = "../fonts/Times-Roman.pfa"; sourceTree = SOURCE_ROOT; };
		27DD26D30EC0297800B76D4E /* cp-874 */ = {isa = PBXFileReference; fileEncoding = 4; lastKnownFileType = text; name = "cp-874"; path = "../data/cp-874"; sourceTree = SOURCE_ROOT; };
		27DD26D40EC0297800B76D4E /* cp-1250 */ = {isa = PBXFileReference; fileEncoding = 4; lastKnownFileType = text; name = "cp-1250"; path = "../data/cp-1250"; sourceTree = SOURCE_ROOT; };
		27DD26D50EC0297800B76D4E /* cp-1251 */ = {isa = PBXFileReference; fileEncoding = 4; lastKnownFileType = text; name = "cp-1251"; path = "../data/cp-1251"; sourceTree = SOURCE_ROOT; };
		27DD26D60EC0297800B76D4E /* cp-1252 */ = {isa = PBXFileReference; fileEncoding = 4; lastKnownFileType = text; name = "cp-1252"; path = "../data/cp-1252"; sourceTree = SOURCE_ROOT; };
		27DD26D70EC0297800B76D4E /* cp-1253 */ = {isa = PBXFileReference; fileEncoding = 4; lastKnownFileType = text; name = "cp-1253"; path = "../data/cp-1253"; sourceTree = SOURCE_ROOT; };
		27DD26D80EC0297800B76D4E /* cp-1254 */ = {isa = PBXFileReference; fileEncoding = 4; lastKnownFileType = text; name = "cp-1254"; path = "../data/cp-1254"; sourceTree = SOURCE_ROOT; };
		27DD26D90EC0297800B76D4E /* cp-1255 */ = {isa = PBXFileReference; fileEncoding = 4; lastKnownFileType = text; name = "cp-1255"; path = "../data/cp-1255"; sourceTree = SOURCE_ROOT; };
		27DD26DA0EC0297800B76D4E /* cp-1256 */ = {isa = PBXFileReference; fileEncoding = 4; lastKnownFileType = text; name = "cp-1256"; path = "../data/cp-1256"; sourceTree = SOURCE_ROOT; };
		27DD26DB0EC0297800B76D4E /* cp-1257 */ = {isa = PBXFileReference; fileEncoding = 4; lastKnownFileType = text; name = "cp-1257"; path = "../data/cp-1257"; sourceTree = SOURCE_ROOT; };
		27DD26DC0EC0297800B76D4E /* cp-1258 */ = {isa = PBXFileReference; fileEncoding = 4; lastKnownFileType = text; name = "cp-1258"; path = "../data/cp-1258"; sourceTree = SOURCE_ROOT; };
		27DD26DD0EC0297800B76D4E /* iso-8859-1 */ = {isa = PBXFileReference; fileEncoding = 4; lastKnownFileType = text; name = "iso-8859-1"; path = "../data/iso-8859-1"; sourceTree = SOURCE_ROOT; };
		27DD26DE0EC0297800B76D4E /* iso-8859-2 */ = {isa = PBXFileReference; fileEncoding = 4; lastKnownFileType = text; name = "iso-8859-2"; path = "../data/iso-8859-2"; sourceTree = SOURCE_ROOT; };
		27DD26DF0EC0297800B76D4E /* iso-8859-3 */ = {isa = PBXFileReference; fileEncoding = 4; lastKnownFileType = text; name = "iso-8859-3"; path = "../data/iso-8859-3"; sourceTree = SOURCE_ROOT; };
		27DD26E00EC0297800B76D4E /* iso-8859-4 */ = {isa = PBXFileReference; fileEncoding = 4; lastKnownFileType = text; name = "iso-8859-4"; path = "../data/iso-8859-4"; sourceTree = SOURCE_ROOT; };
		27DD26E10EC0297800B76D4E /* iso-8859-5 */ = {isa = PBXFileReference; fileEncoding = 4; lastKnownFileType = text; name = "iso-8859-5"; path = "../data/iso-8859-5"; sourceTree = SOURCE_ROOT; };
		27DD26E20EC0297800B76D4E /* iso-8859-6 */ = {isa = PBXFileReference; fileEncoding = 4; lastKnownFileType = text; name = "iso-8859-6"; path = "../data/iso-8859-6"; sourceTree = SOURCE_ROOT; };
		27DD26E30EC0297800B76D4E /* iso-8859-7 */ = {isa = PBXFileReference; fileEncoding = 4; lastKnownFileType = text; name = "iso-8859-7"; path = "../data/iso-8859-7"; sourceTree = SOURCE_ROOT; };
		27DD26E40EC0297800B76D4E /* iso-8859-8 */ = {isa = PBXFileReference; fileEncoding = 4; lastKnownFileType = text; name = "iso-8859-8"; path = "../data/iso-8859-8"; sourceTree = SOURCE_ROOT; };
		27DD26E50EC0297800B76D4E /* iso-8859-9 */ = {isa = PBXFileReference; fileEncoding = 4; lastKnownFileType = text; name = "iso-8859-9"; path = "../data/iso-8859-9"; sourceTree = SOURCE_ROOT; };
		27DD26E60EC0297800B76D4E /* iso-8859-14 */ = {isa = PBXFileReference; fileEncoding = 4; lastKnownFileType = text; name = "iso-8859-14"; path = "../data/iso-8859-14"; sourceTree = SOURCE_ROOT; };
		27DD26E70EC0297800B76D4E /* iso-8859-15 */ = {isa = PBXFileReference; fileEncoding = 4; lastKnownFileType = text; name = "iso-8859-15"; path = "../data/iso-8859-15"; sourceTree = SOURCE_ROOT; };
		27DD26E80EC0297800B76D4E /* koi8-r */ = {isa = PBXFileReference; fileEncoding = 4; lastKnownFileType = text; name = "koi8-r"; path = "../data/koi8-r"; sourceTree = SOURCE_ROOT; };
		27DD26E90EC0297800B76D4E /* prolog.ps */ = {isa = PBXFileReference; fileEncoding = 4; lastKnownFileType = text; name = prolog.ps; path = ../data/prolog.ps; sourceTree = SOURCE_ROOT; };
		27DD26EA0EC0297800B76D4E /* psglyphs */ = {isa = PBXFileReference; fileEncoding = 4; lastKnownFileType = text; name = psglyphs; path = ../data/psglyphs; sourceTree = SOURCE_ROOT; };
/* End PBXFileReference section */

/* Begin PBXFrameworksBuildPhase section */
		8DD76F660486A84900D96B5E /* Frameworks */ = {
			isa = PBXFrameworksBuildPhase;
			buildActionMask = 2147483647;
			files = (
				27CACC4D2794F25500BC4A11 /* Cocoa.framework in Frameworks */,
				27CACC492794F23C00BC4A11 /* CoreText.framework in Frameworks */,
				27CACC472794F23000BC4A11 /* CoreGraphics.framework in Frameworks */,
				27CACC442794F22500BC4A11 /* libfltk.a in Frameworks */,
				27CACC452794F22500BC4A11 /* libfltk_images.a in Frameworks */,
				27CACC412794EDA200BC4A11 /* libpng16.a in Frameworks */,
				27CACC402794ED6200BC4A11 /* libresolv.tbd in Frameworks */,
				27CACC3E2794ED5A00BC4A11 /* libz.tbd in Frameworks */,
				27D3E1852794DC0D0034494A /* libjpeg.a in Frameworks */,
				27A9F6F518D527D900804DE9 /* CoreFoundation.framework in Frameworks */,
				27A9F6F318D527D300804DE9 /* Security.framework in Frameworks */,
			);
			runOnlyForDeploymentPostprocessing = 0;
		};
/* End PBXFrameworksBuildPhase section */

/* Begin PBXGroup section */
		08FB7794FE84155DC02AAC07 /* htmldoc */ = {
			isa = PBXGroup;
			children = (
				08FB7795FE84155DC02AAC07 /* htmldoc */,
				27DD26CB0EC028FD00B76D4E /* Data Files */,
				27DD25790EC01C0F00B76D4E /* Fonts */,
				275491F61E7DF17C002398B4 /* Products */,
				27A9F6FC18D528CB00804DE9 /* Frameworks */,
			);
			name = htmldoc;
			sourceTree = "<group>";
		};
		08FB7795FE84155DC02AAC07 /* htmldoc */ = {
			isa = PBXGroup;
			children = (
				27D5714B1C386EFF00D93F41 /* array-private.h */,
				27D5714C1C386EFF00D93F41 /* array.c */,
				27D5714D1C386EFF00D93F41 /* array.h */,
				27DD25290EC019F500B76D4E /* config.h */,
				27DD252A0EC01A3300B76D4E /* debug.h */,
				2788A4C81EAEF234007ED0E1 /* epub.cxx */,
				27A9F6DB18D527AC00804DE9 /* file.c */,
				27DD252D0EC01A3300B76D4E /* file.h */,
				27CACC4E2794F2CF00BC4A11 /* gui.cxx */,
				27CACC4F2794F2CF00BC4A11 /* gui.h */,
				27DD252E0EC01A3300B76D4E /* hdstring.h */,
				27DD252F0EC01A3300B76D4E /* html.cxx */,
				27DD25300EC01A3300B76D4E /* html.h */,
				27DD25310EC01A3300B76D4E /* htmldoc.cxx */,
				27DD25320EC01A3300B76D4E /* htmldoc.h */,
				27A9F6FD18D5294000804DE9 /* htmldoc.man */,
				27DD25330EC01A3300B76D4E /* htmllib.cxx */,
				27A9F6DC18D527AC00804DE9 /* htmlsep.cxx */,
				27A9F6DD18D527AC00804DE9 /* http-addr.c */,
				27A9F6DE18D527AC00804DE9 /* http-addrlist.c */,
				27A9F6DF18D527AC00804DE9 /* http-private.h */,
				27A9F6E018D527AC00804DE9 /* http-support.c */,
				27A9F6E118D527AC00804DE9 /* http.c */,
				27DD253A0EC01A3300B76D4E /* http.h */,
				27DD253B0EC01A3300B76D4E /* image.cxx */,
				27DD253C0EC01A3300B76D4E /* image.h */,
				27A9F6E218D527AC00804DE9 /* iso8859.cxx */,
				27A9F6E318D527AC00804DE9 /* iso8859.h */,
				27A9F6E418D527AC00804DE9 /* license.cxx */,
				2788A4C91EAEF234007ED0E1 /* markdown.cxx */,
				2788A4CA1EAEF234007ED0E1 /* markdown.h */,
				27A9F6E518D527AC00804DE9 /* md5-private.h */,
				27A9F6E618D527AC00804DE9 /* md5.c */,
				2788A4CB1EAEF234007ED0E1 /* mmd.c */,
				2788A4CC1EAEF234007ED0E1 /* mmd.h */,
				27DD25420EC01A3300B76D4E /* progress.cxx */,
				27DD25430EC01A3300B76D4E /* progress.h */,
				27DD25440EC01A3300B76D4E /* ps-pdf.cxx */,
				27A9F6E718D527AC00804DE9 /* rc4.c */,
				27DD25460EC01A3300B76D4E /* rc4.h */,
				27DD26450EC024FA00B76D4E /* string.c */,
				27D571431C3863E200D93F41 /* tls-darwin.c */,
				27D571441C3863E200D93F41 /* tls-gnutls.c */,
				27D571451C3863E200D93F41 /* tls-sspi.c */,
				27D571461C3863E200D93F41 /* tls.c */,
				27DD254D0EC01A3300B76D4E /* toc.cxx */,
				27DD254E0EC01A3300B76D4E /* types.h */,
				27DD254F0EC01A3300B76D4E /* util.cxx */,
				2788A4CD1EAEF234007ED0E1 /* zipc.c */,
				2788A4CE1EAEF234007ED0E1 /* zipc.h */,
			);
			name = htmldoc;
			sourceTree = "<group>";
		};
		275491F61E7DF17C002398B4 /* Products */ = {
			isa = PBXGroup;
			children = (
			);
			name = Products;
			sourceTree = "<group>";
		};
		27A9F6FC18D528CB00804DE9 /* Frameworks */ = {
			isa = PBXGroup;
			children = (
				27CACC4C2794F25500BC4A11 /* Cocoa.framework */,
				27CACC4A2794F24700BC4A11 /* ApplicationServices.framework */,
				27CACC482794F23C00BC4A11 /* CoreText.framework */,
				27CACC462794F23000BC4A11 /* CoreGraphics.framework */,
				27CACC432794F22500BC4A11 /* libfltk_images.a */,
				27CACC422794F22500BC4A11 /* libfltk.a */,
				27CACC3F2794ED6200BC4A11 /* libresolv.tbd */,
				27CACC3D2794ED5A00BC4A11 /* libz.tbd */,
				27D3E1832794DC0D0034494A /* libjpeg.a */,
				27D3E1822794DC0D0034494A /* libpng16.a */,
				27A9F6F418D527D900804DE9 /* CoreFoundation.framework */,
				27A9F6F218D527D300804DE9 /* Security.framework */,
			);
			name = Frameworks;
			sourceTree = "<group>";
		};
		27DD25790EC01C0F00B76D4E /* Fonts */ = {
			isa = PBXGroup;
			children = (
				27DD265B0EC028AC00B76D4E /* Courier-Bold.afm */,
				27DD265C0EC028AC00B76D4E /* Courier-Bold.pfa */,
				27DD265D0EC028AC00B76D4E /* Courier-BoldOblique.afm */,
				27DD265E0EC028AC00B76D4E /* Courier-BoldOblique.pfa */,
				27DD265F0EC028AC00B76D4E /* Courier-Oblique.afm */,
				27DD26600EC028AC00B76D4E /* Courier-Oblique.pfa */,
				27DD26610EC028AC00B76D4E /* Courier.afm */,
				27DD26620EC028AC00B76D4E /* Courier.pfa */,
				27DD26630EC028AC00B76D4E /* Dingbats.afm */,
				27DD26640EC028AC00B76D4E /* Dingbats.pfa */,
				27DD26650EC028AC00B76D4E /* Helvetica-Bold.afm */,
				27DD26660EC028AC00B76D4E /* Helvetica-Bold.pfa */,
				27DD26670EC028AC00B76D4E /* Helvetica-BoldOblique.afm */,
				27DD26680EC028AC00B76D4E /* Helvetica-BoldOblique.pfa */,
				27DD26690EC028AC00B76D4E /* Helvetica-Oblique.afm */,
				27DD266A0EC028AC00B76D4E /* Helvetica-Oblique.pfa */,
				27DD266B0EC028AC00B76D4E /* Helvetica.afm */,
				27DD266C0EC028AC00B76D4E /* Helvetica.pfa */,
				27DD266D0EC028AC00B76D4E /* Monospace-Bold.afm */,
				27DD266E0EC028AC00B76D4E /* Monospace-Bold.pfa */,
				27DD266F0EC028AC00B76D4E /* Monospace-BoldOblique.afm */,
				27DD26700EC028AC00B76D4E /* Monospace-BoldOblique.pfa */,
				27DD26710EC028AC00B76D4E /* Monospace-Oblique.afm */,
				27DD26720EC028AC00B76D4E /* Monospace-Oblique.pfa */,
				27DD26730EC028AC00B76D4E /* Monospace.afm */,
				27DD26740EC028AC00B76D4E /* Monospace.pfa */,
				27DD26750EC028AC00B76D4E /* Sans-Bold.afm */,
				27DD26760EC028AC00B76D4E /* Sans-Bold.pfa */,
				27DD26770EC028AC00B76D4E /* Sans-BoldOblique.afm */,
				27DD26780EC028AC00B76D4E /* Sans-BoldOblique.pfa */,
				27DD26790EC028AC00B76D4E /* Sans-Oblique.afm */,
				27DD267A0EC028AC00B76D4E /* Sans-Oblique.pfa */,
				27DD267B0EC028AC00B76D4E /* Sans.afm */,
				27DD267C0EC028AC00B76D4E /* Sans.pfa */,
				27DD267D0EC028AC00B76D4E /* Serif-Bold.afm */,
				27DD267E0EC028AC00B76D4E /* Serif-Bold.pfa */,
				27DD267F0EC028AC00B76D4E /* Serif-BoldOblique.afm */,
				27DD26800EC028AC00B76D4E /* Serif-BoldOblique.pfa */,
				27DD26810EC028AC00B76D4E /* Serif-Oblique.afm */,
				27DD26820EC028AC00B76D4E /* Serif-Oblique.pfa */,
				27DD26830EC028AC00B76D4E /* Serif-Roman.afm */,
				27DD26840EC028AC00B76D4E /* Serif-Roman.pfa */,
				27DD26850EC028AC00B76D4E /* Symbol.afm */,
				27DD26860EC028AC00B76D4E /* Symbol.pfa */,
				27DD26870EC028AC00B76D4E /* Times-Bold.afm */,
				27DD26880EC028AC00B76D4E /* Times-Bold.pfa */,
				27DD26890EC028AC00B76D4E /* Times-BoldItalic.afm */,
				27DD268A0EC028AC00B76D4E /* Times-BoldItalic.pfa */,
				27DD268B0EC028AC00B76D4E /* Times-Italic.afm */,
				27DD268C0EC028AC00B76D4E /* Times-Italic.pfa */,
				27DD268D0EC028AC00B76D4E /* Times-Roman.afm */,
				27DD268E0EC028AC00B76D4E /* Times-Roman.pfa */,
				2788A4C71EAEF1B4007ED0E1 /* htmldoc */,
			);
			name = Fonts;
			sourceTree = "<group>";
		};
		27DD26CB0EC028FD00B76D4E /* Data Files */ = {
			isa = PBXGroup;
			children = (
				27DD26D30EC0297800B76D4E /* cp-874 */,
				27DD26D40EC0297800B76D4E /* cp-1250 */,
				27DD26D50EC0297800B76D4E /* cp-1251 */,
				27DD26D60EC0297800B76D4E /* cp-1252 */,
				27DD26D70EC0297800B76D4E /* cp-1253 */,
				27DD26D80EC0297800B76D4E /* cp-1254 */,
				27DD26D90EC0297800B76D4E /* cp-1255 */,
				27DD26DA0EC0297800B76D4E /* cp-1256 */,
				27DD26DB0EC0297800B76D4E /* cp-1257 */,
				27DD26DC0EC0297800B76D4E /* cp-1258 */,
				27DD26DD0EC0297800B76D4E /* iso-8859-1 */,
				27DD26DE0EC0297800B76D4E /* iso-8859-2 */,
				27DD26DF0EC0297800B76D4E /* iso-8859-3 */,
				27DD26E00EC0297800B76D4E /* iso-8859-4 */,
				27DD26E10EC0297800B76D4E /* iso-8859-5 */,
				27DD26E20EC0297800B76D4E /* iso-8859-6 */,
				27DD26E30EC0297800B76D4E /* iso-8859-7 */,
				27DD26E40EC0297800B76D4E /* iso-8859-8 */,
				27DD26E50EC0297800B76D4E /* iso-8859-9 */,
				27DD26E60EC0297800B76D4E /* iso-8859-14 */,
				27DD26E70EC0297800B76D4E /* iso-8859-15 */,
				27DD26E80EC0297800B76D4E /* koi8-r */,
				27DD26E90EC0297800B76D4E /* prolog.ps */,
				27DD26EA0EC0297800B76D4E /* psglyphs */,
			);
			name = "Data Files";
			sourceTree = "<group>";
		};
/* End PBXGroup section */

/* Begin PBXNativeTarget section */
		8DD76F620486A84900D96B5E /* htmldoc */ = {
			isa = PBXNativeTarget;
			buildConfigurationList = 1DEB923108733DC60010E9CD /* Build configuration list for PBXNativeTarget "htmldoc" */;
			buildPhases = (
				8DD76F640486A84900D96B5E /* Sources */,
				8DD76F660486A84900D96B5E /* Frameworks */,
				8DD76F690486A84900D96B5E /* CopyFiles */,
			);
			buildRules = (
			);
			dependencies = (
				27DD270C0EC029FD00B76D4E /* PBXTargetDependency */,
				27DD270E0EC02A0100B76D4E /* PBXTargetDependency */,
			);
			name = htmldoc;
			productInstallPath = "$(HOME)/bin";
			productName = htmldoc;
			productReference = 2788A4C71EAEF1B4007ED0E1 /* htmldoc */;
			productType = "com.apple.product-type.tool";
		};
/* End PBXNativeTarget section */

/* Begin PBXProject section */
		08FB7793FE84155DC02AAC07 /* Project object */ = {
			isa = PBXProject;
			attributes = {
				LastUpgradeCheck = 1320;
				TargetAttributes = {
					8DD76F620486A84900D96B5E = {
						DevelopmentTeam = RU58A2256H;
						ProvisioningStyle = Manual;
					};
				};
			};
			buildConfigurationList = 1DEB923508733DC60010E9CD /* Build configuration list for PBXProject "htmldoc" */;
			compatibilityVersion = "Xcode 3.2";
			developmentRegion = en;
			hasScannedForEncodings = 1;
			knownRegions = (
				en,
				Base,
			);
			mainGroup = 08FB7794FE84155DC02AAC07 /* htmldoc */;
			productRefGroup = 27DD25790EC01C0F00B76D4E /* Fonts */;
			projectDirPath = "";
			projectRoot = "";
			targets = (
				8DD76F620486A84900D96B5E /* htmldoc */,
				27DD26570EC0285300B76D4E /* fonts */,
				27DD26CF0EC0294500B76D4E /* data files */,
			);
		};
/* End PBXProject section */

/* Begin PBXSourcesBuildPhase section */
		8DD76F640486A84900D96B5E /* Sources */ = {
			isa = PBXSourcesBuildPhase;
			buildActionMask = 2147483647;
			files = (
				27DD25520EC01A3300B76D4E /* html.cxx in Sources */,
				27CACC502794F2CF00BC4A11 /* gui.cxx in Sources */,
				27DD25530EC01A3300B76D4E /* htmldoc.cxx in Sources */,
				27DD25540EC01A3300B76D4E /* htmllib.cxx in Sources */,
				27DD255A0EC01A3300B76D4E /* image.cxx in Sources */,
				27DD255E0EC01A3300B76D4E /* progress.cxx in Sources */,
				2788A4D21EAEF234007ED0E1 /* zipc.c in Sources */,
				27A9F6EE18D527AC00804DE9 /* iso8859.cxx in Sources */,
				27D5714A1C3863E200D93F41 /* tls.c in Sources */,
				27A9F6F018D527AC00804DE9 /* md5.c in Sources */,
				27A9F6ED18D527AC00804DE9 /* http.c in Sources */,
				27A9F6E818D527AC00804DE9 /* file.c in Sources */,
				27DD255F0EC01A3300B76D4E /* ps-pdf.cxx in Sources */,
				2788A4D01EAEF234007ED0E1 /* markdown.cxx in Sources */,
				2788A4D11EAEF234007ED0E1 /* mmd.c in Sources */,
				27DD25660EC01A3300B76D4E /* toc.cxx in Sources */,
				27D5714E1C386EFF00D93F41 /* array.c in Sources */,
				27A9F6EA18D527AC00804DE9 /* http-addr.c in Sources */,
				27DD25670EC01A3300B76D4E /* util.cxx in Sources */,
				27A9F6E918D527AC00804DE9 /* htmlsep.cxx in Sources */,
				27A9F6EF18D527AC00804DE9 /* license.cxx in Sources */,
				27A9F6EC18D527AC00804DE9 /* http-support.c in Sources */,
				27A9F6F118D527AC00804DE9 /* rc4.c in Sources */,
				2788A4CF1EAEF234007ED0E1 /* epub.cxx in Sources */,
				27A9F6EB18D527AC00804DE9 /* http-addrlist.c in Sources */,
				27DD26460EC024FA00B76D4E /* string.c in Sources */,
			);
			runOnlyForDeploymentPostprocessing = 0;
		};
/* End PBXSourcesBuildPhase section */

/* Begin PBXTargetDependency section */
		27DD270C0EC029FD00B76D4E /* PBXTargetDependency */ = {
			isa = PBXTargetDependency;
			target = 27DD26570EC0285300B76D4E /* fonts */;
			targetProxy = 27DD270B0EC029FD00B76D4E /* PBXContainerItemProxy */;
		};
		27DD270E0EC02A0100B76D4E /* PBXTargetDependency */ = {
			isa = PBXTargetDependency;
			target = 27DD26CF0EC0294500B76D4E /* data files */;
			targetProxy = 27DD270D0EC02A0100B76D4E /* PBXContainerItemProxy */;
		};
/* End PBXTargetDependency section */

/* Begin XCBuildConfiguration section */
		1DEB923208733DC60010E9CD /* Debug */ = {
			isa = XCBuildConfiguration;
			buildSettings = {
				CLANG_ANALYZER_DEADCODE_DEADSTORES = NO;
				CLANG_ENABLE_OBJC_WEAK = YES;
				CODE_SIGN_IDENTITY = "Mac Developer";
				COPY_PHASE_STRIP = NO;
				DEVELOPMENT_TEAM = RU58A2256H;
				ENABLE_HARDENED_RUNTIME = YES;
				GCC_DYNAMIC_NO_PIC = NO;
				GCC_MODEL_TUNING = G5;
				GCC_OPTIMIZATION_LEVEL = 0;
				GCC_PREPROCESSOR_DEFINITIONS = DEBUG;
				INSTALL_PATH = /usr/local/bin;
				PRODUCT_NAME = htmldoc;
				ZERO_LINK = YES;
			};
			name = Debug;
		};
		1DEB923308733DC60010E9CD /* Release */ = {
			isa = XCBuildConfiguration;
			buildSettings = {
				CLANG_ANALYZER_DEADCODE_DEADSTORES = NO;
				CLANG_ENABLE_OBJC_WEAK = YES;
				CODE_SIGN_IDENTITY = "Mac Developer";
				DEBUG_INFORMATION_FORMAT = "dwarf-with-dsym";
				DEVELOPMENT_TEAM = RU58A2256H;
				ENABLE_HARDENED_RUNTIME = YES;
				GCC_MODEL_TUNING = G5;
				INSTALL_PATH = /usr/local/bin;
				PRODUCT_NAME = htmldoc;
			};
			name = Release;
		};
		1DEB923608733DC60010E9CD /* Debug */ = {
			isa = XCBuildConfiguration;
			buildSettings = {
				CLANG_ANALYZER_LOCALIZABILITY_NONLOCALIZED = YES;
				CLANG_ANALYZER_SECURITY_INSECUREAPI_STRCPY = YES;
				CLANG_WARN_ASSIGN_ENUM = YES;
				CLANG_WARN_BLOCK_CAPTURE_AUTORELEASING = YES;
				CLANG_WARN_BOOL_CONVERSION = YES;
				CLANG_WARN_COMMA = YES;
				CLANG_WARN_CONSTANT_CONVERSION = YES;
				CLANG_WARN_DEPRECATED_OBJC_IMPLEMENTATIONS = YES;
				CLANG_WARN_EMPTY_BODY = YES;
				CLANG_WARN_ENUM_CONVERSION = YES;
				CLANG_WARN_FLOAT_CONVERSION = NO;
				CLANG_WARN_IMPLICIT_SIGN_CONVERSION = YES;
				CLANG_WARN_INFINITE_RECURSION = YES;
				CLANG_WARN_INT_CONVERSION = YES;
				CLANG_WARN_OBJC_IMPLICIT_RETAIN_SELF = YES;
				CLANG_WARN_QUOTED_INCLUDE_IN_FRAMEWORK_HEADER = YES;
				CLANG_WARN_RANGE_LOOP_ANALYSIS = YES;
				CLANG_WARN_STRICT_PROTOTYPES = YES;
				CLANG_WARN_SUSPICIOUS_IMPLICIT_CONVERSION = YES;
				CLANG_WARN_SUSPICIOUS_MOVE = YES;
				CLANG_WARN_UNREACHABLE_CODE = YES;
				CLANG_WARN__DUPLICATE_METHOD_MATCH = YES;
				ENABLE_STRICT_OBJC_MSGSEND = YES;
				ENABLE_TESTABILITY = YES;
				GCC_NO_COMMON_BLOCKS = YES;
				GCC_TREAT_IMPLICIT_FUNCTION_DECLARATIONS_AS_ERRORS = YES;
				GCC_TREAT_INCOMPATIBLE_POINTER_TYPE_WARNINGS_AS_ERRORS = YES;
				GCC_WARN_64_TO_32_BIT_CONVERSION = NO;
				GCC_WARN_ABOUT_INVALID_OFFSETOF_MACRO = NO;
				GCC_WARN_ABOUT_MISSING_FIELD_INITIALIZERS = YES;
				GCC_WARN_ABOUT_MISSING_NEWLINE = YES;
				GCC_WARN_ABOUT_MISSING_PROTOTYPES = YES;
				GCC_WARN_ABOUT_RETURN_TYPE = YES;
				GCC_WARN_MISSING_PARENTHESES = YES;
				GCC_WARN_NON_VIRTUAL_DESTRUCTOR = YES;
				GCC_WARN_PEDANTIC = YES;
				GCC_WARN_SHADOW = NO;
				GCC_WARN_SIGN_COMPARE = YES;
				GCC_WARN_TYPECHECK_CALLS_TO_PRINTF = YES;
				GCC_WARN_UNDECLARED_SELECTOR = YES;
				GCC_WARN_UNINITIALIZED_AUTOS = NO;
				GCC_WARN_UNUSED_FUNCTION = YES;
				GCC_WARN_UNUSED_LABEL = YES;
				GCC_WARN_UNUSED_PARAMETER = NO;
				GCC_WARN_UNUSED_VALUE = NO;
				GCC_WARN_UNUSED_VARIABLE = YES;
				HEADER_SEARCH_PATHS = (
					.,
					/usr/local/include,
				);
				LIBRARY_SEARCH_PATHS = /usr/local/lib;
				MACOSX_DEPLOYMENT_TARGET = 10.14;
				ONLY_ACTIVE_ARCH = YES;
				RUN_CLANG_STATIC_ANALYZER = YES;
				SDKROOT = macosx;
				USE_HEADERMAP = NO;
				WARNING_CFLAGS = "-Wno-conversion";
			};
			name = Debug;
		};
		1DEB923708733DC60010E9CD /* Release */ = {
			isa = XCBuildConfiguration;
			buildSettings = {
				CLANG_ANALYZER_LOCALIZABILITY_NONLOCALIZED = YES;
				CLANG_ANALYZER_SECURITY_INSECUREAPI_STRCPY = YES;
				CLANG_WARN_ASSIGN_ENUM = YES;
				CLANG_WARN_BLOCK_CAPTURE_AUTORELEASING = YES;
				CLANG_WARN_BOOL_CONVERSION = YES;
				CLANG_WARN_COMMA = YES;
				CLANG_WARN_CONSTANT_CONVERSION = YES;
				CLANG_WARN_DEPRECATED_OBJC_IMPLEMENTATIONS = YES;
				CLANG_WARN_EMPTY_BODY = YES;
				CLANG_WARN_ENUM_CONVERSION = YES;
				CLANG_WARN_FLOAT_CONVERSION = NO;
				CLANG_WARN_IMPLICIT_SIGN_CONVERSION = YES;
				CLANG_WARN_INFINITE_RECURSION = YES;
				CLANG_WARN_INT_CONVERSION = YES;
				CLANG_WARN_OBJC_IMPLICIT_RETAIN_SELF = YES;
				CLANG_WARN_QUOTED_INCLUDE_IN_FRAMEWORK_HEADER = YES;
				CLANG_WARN_RANGE_LOOP_ANALYSIS = YES;
				CLANG_WARN_STRICT_PROTOTYPES = YES;
				CLANG_WARN_SUSPICIOUS_IMPLICIT_CONVERSION = YES;
				CLANG_WARN_SUSPICIOUS_MOVE = YES;
				CLANG_WARN_UNREACHABLE_CODE = YES;
				CLANG_WARN__DUPLICATE_METHOD_MATCH = YES;
				ENABLE_STRICT_OBJC_MSGSEND = YES;
				GCC_NO_COMMON_BLOCKS = YES;
				GCC_TREAT_IMPLICIT_FUNCTION_DECLARATIONS_AS_ERRORS = YES;
				GCC_TREAT_INCOMPATIBLE_POINTER_TYPE_WARNINGS_AS_ERRORS = YES;
				GCC_WARN_64_TO_32_BIT_CONVERSION = NO;
				GCC_WARN_ABOUT_INVALID_OFFSETOF_MACRO = NO;
				GCC_WARN_ABOUT_MISSING_FIELD_INITIALIZERS = YES;
				GCC_WARN_ABOUT_MISSING_NEWLINE = YES;
				GCC_WARN_ABOUT_MISSING_PROTOTYPES = YES;
				GCC_WARN_ABOUT_RETURN_TYPE = YES;
				GCC_WARN_MISSING_PARENTHESES = YES;
				GCC_WARN_NON_VIRTUAL_DESTRUCTOR = YES;
				GCC_WARN_PEDANTIC = YES;
				GCC_WARN_SHADOW = NO;
				GCC_WARN_SIGN_COMPARE = YES;
				GCC_WARN_TYPECHECK_CALLS_TO_PRINTF = YES;
				GCC_WARN_UNDECLARED_SELECTOR = YES;
				GCC_WARN_UNINITIALIZED_AUTOS = NO;
				GCC_WARN_UNUSED_FUNCTION = YES;
				GCC_WARN_UNUSED_LABEL = YES;
				GCC_WARN_UNUSED_PARAMETER = NO;
				GCC_WARN_UNUSED_VALUE = NO;
				GCC_WARN_UNUSED_VARIABLE = YES;
				HEADER_SEARCH_PATHS = (
					.,
					/usr/local/include,
				);
				LIBRARY_SEARCH_PATHS = /usr/local/lib;
				MACOSX_DEPLOYMENT_TARGET = 10.14;
				RUN_CLANG_STATIC_ANALYZER = YES;
				SDKROOT = macosx;
				USE_HEADERMAP = NO;
				WARNING_CFLAGS = "-Wno-conversion";
			};
			name = Release;
		};
		27DD26580EC0285300B76D4E /* Debug */ = {
			isa = XCBuildConfiguration;
			buildSettings = {
				CLANG_ENABLE_OBJC_WEAK = YES;
				COPY_PHASE_STRIP = NO;
				GCC_DYNAMIC_NO_PIC = NO;
				GCC_OPTIMIZATION_LEVEL = 0;
				INSTALL_PATH = /usr/local/share/htmldoc/fonts;
				PRODUCT_NAME = fonts;
				SKIP_INSTALL = NO;
			};
			name = Debug;
		};
		27DD26590EC0285300B76D4E /* Release */ = {
			isa = XCBuildConfiguration;
			buildSettings = {
				CLANG_ENABLE_OBJC_WEAK = YES;
				COPY_PHASE_STRIP = YES;
				DEBUG_INFORMATION_FORMAT = "dwarf-with-dsym";
				INSTALL_PATH = /usr/local/share/htmldoc/fonts;
				PRODUCT_NAME = fonts;
				SKIP_INSTALL = NO;
				ZERO_LINK = NO;
			};
			name = Release;
		};
		27DD26D00EC0294500B76D4E /* Debug */ = {
			isa = XCBuildConfiguration;
			buildSettings = {
				CLANG_ENABLE_OBJC_WEAK = YES;
				COPY_PHASE_STRIP = NO;
				GCC_DYNAMIC_NO_PIC = NO;
				GCC_OPTIMIZATION_LEVEL = 0;
				INSTALL_PATH = /usr/local/share/htmldoc/data;
				PRODUCT_NAME = "data files";
				SKIP_INSTALL = NO;
			};
			name = Debug;
		};
		27DD26D10EC0294500B76D4E /* Release */ = {
			isa = XCBuildConfiguration;
			buildSettings = {
				CLANG_ENABLE_OBJC_WEAK = YES;
				COPY_PHASE_STRIP = YES;
				DEBUG_INFORMATION_FORMAT = "dwarf-with-dsym";
				INSTALL_PATH = /usr/local/share/htmldoc/data;
				PRODUCT_NAME = "data files";
				SKIP_INSTALL = NO;
				ZERO_LINK = NO;
			};
			name = Release;
		};
/* End XCBuildConfiguration section */

/* Begin XCConfigurationList section */
		1DEB923108733DC60010E9CD /* Build configuration list for PBXNativeTarget "htmldoc" */ = {
			isa = XCConfigurationList;
			buildConfigurations = (
				1DEB923208733DC60010E9CD /* Debug */,
				1DEB923308733DC60010E9CD /* Release */,
			);
			defaultConfigurationIsVisible = 0;
			defaultConfigurationName = Release;
		};
		1DEB923508733DC60010E9CD /* Build configuration list for PBXProject "htmldoc" */ = {
			isa = XCConfigurationList;
			buildConfigurations = (
				1DEB923608733DC60010E9CD /* Debug */,
				1DEB923708733DC60010E9CD /* Release */,
			);
			defaultConfigurationIsVisible = 0;
			defaultConfigurationName = Release;
		};
		27DD265A0EC0287100B76D4E /* Build configuration list for PBXAggregateTarget "fonts" */ = {
			isa = XCConfigurationList;
			buildConfigurations = (
				27DD26580EC0285300B76D4E /* Debug */,
				27DD26590EC0285300B76D4E /* Release */,
			);
			defaultConfigurationIsVisible = 0;
			defaultConfigurationName = Release;
		};
		27DD26D20EC0297600B76D4E /* Build configuration list for PBXAggregateTarget "data files" */ = {
			isa = XCConfigurationList;
			buildConfigurations = (
				27DD26D00EC0294500B76D4E /* Debug */,
				27DD26D10EC0294500B76D4E /* Release */,
			);
			defaultConfigurationIsVisible = 0;
			defaultConfigurationName = Release;
		};
/* End XCConfigurationList section */
	};
	rootObject = 08FB7793FE84155DC02AAC07 /* Project object */;
}
